// !$*UTF8*$!
{
	archiveVersion = 1;
	classes = {
	};
	objectVersion = 56;
	objects = {

/* Begin PBXBuildFile section */
		D03F54FF2A9FF1DD0051F182 /* singleWorkout.swift in Sources */ = {isa = PBXBuildFile; fileRef = D03F54FE2A9FF1DD0051F182 /* singleWorkout.swift */; };
		D057E9402A9D2F9200901153 /* gradient.swift in Sources */ = {isa = PBXBuildFile; fileRef = D057E93F2A9D2F9200901153 /* gradient.swift */; };
		D057E9422A9D448100901153 /* Onboarding.swift in Sources */ = {isa = PBXBuildFile; fileRef = D057E9412A9D448100901153 /* Onboarding.swift */; };
		D057E9442A9D573A00901153 /* beginnerPlan.swift in Sources */ = {isa = PBXBuildFile; fileRef = D057E9432A9D573A00901153 /* beginnerPlan.swift */; };
		D057E9462A9D5D3800901153 /* LevelSelect.swift in Sources */ = {isa = PBXBuildFile; fileRef = D057E9452A9D5D3800901153 /* LevelSelect.swift */; };
		D057E9482A9D5F2200901153 /* beginnerOption.swift in Sources */ = {isa = PBXBuildFile; fileRef = D057E9472A9D5F2200901153 /* beginnerOption.swift */; };
		D060AD2B2A79FAD10069DD45 /* running_for_itApp.swift in Sources */ = {isa = PBXBuildFile; fileRef = D060AD2A2A79FAD10069DD45 /* running_for_itApp.swift */; };
		D060AD2D2A79FAD10069DD45 /* ContentView.swift in Sources */ = {isa = PBXBuildFile; fileRef = D060AD2C2A79FAD10069DD45 /* ContentView.swift */; };
		D060AD2F2A79FAD30069DD45 /* Assets.xcassets in Resources */ = {isa = PBXBuildFile; fileRef = D060AD2E2A79FAD30069DD45 /* Assets.xcassets */; };
		D060AD322A79FAD30069DD45 /* Preview Assets.xcassets in Resources */ = {isa = PBXBuildFile; fileRef = D060AD312A79FAD30069DD45 /* Preview Assets.xcassets */; };
		D060AD3C2A79FAD30069DD45 /* running_for_itTests.swift in Sources */ = {isa = PBXBuildFile; fileRef = D060AD3B2A79FAD30069DD45 /* running_for_itTests.swift */; };
		D060AD462A79FAD30069DD45 /* running_for_itUITests.swift in Sources */ = {isa = PBXBuildFile; fileRef = D060AD452A79FAD30069DD45 /* running_for_itUITests.swift */; };
		D060AD482A79FAD30069DD45 /* running_for_itUITestsLaunchTests.swift in Sources */ = {isa = PBXBuildFile; fileRef = D060AD472A79FAD30069DD45 /* running_for_itUITestsLaunchTests.swift */; };
		D060AD552A7A00D90069DD45 /* Choose_Type.swift in Sources */ = {isa = PBXBuildFile; fileRef = D060AD542A7A00D90069DD45 /* Choose_Type.swift */; };
		D060AD572A7B74350069DD45 /* SelectIntervalTime.swift in Sources */ = {isa = PBXBuildFile; fileRef = D060AD562A7B74350069DD45 /* SelectIntervalTime.swift */; };
		D060AD592A7CC8A70069DD45 /* Countdown.swift in Sources */ = {isa = PBXBuildFile; fileRef = D060AD582A7CC8A70069DD45 /* Countdown.swift */; };
		D060ADBB2A809C250069DD45 /* RectangleView.swift in Sources */ = {isa = PBXBuildFile; fileRef = D060ADBA2A809C250069DD45 /* RectangleView.swift */; };
		D060ADBD2A809E0A0069DD45 /* TimeSelected.swift in Sources */ = {isa = PBXBuildFile; fileRef = D060ADBC2A809E0A0069DD45 /* TimeSelected.swift */; };
		D060ADBF2A844B8F0069DD45 /* IntervalsSelected.swift in Sources */ = {isa = PBXBuildFile; fileRef = D060ADBE2A844B8F0069DD45 /* IntervalsSelected.swift */; };
		D060ADC12A858F010069DD45 /* DistanceSelected.swift in Sources */ = {isa = PBXBuildFile; fileRef = D060ADC02A858F010069DD45 /* DistanceSelected.swift */; };
		D060ADC32A85FD8A0069DD45 /* WorkoutSummary.swift in Sources */ = {isa = PBXBuildFile; fileRef = D060ADC22A85FD8A0069DD45 /* WorkoutSummary.swift */; };
		D060ADC52A85FE340069DD45 /* SummarySquare.swift in Sources */ = {isa = PBXBuildFile; fileRef = D060ADC42A85FE340069DD45 /* SummarySquare.swift */; };
		D060ADC72A85FF2C0069DD45 /* RoundedButton.swift in Sources */ = {isa = PBXBuildFile; fileRef = D060ADC62A85FF2C0069DD45 /* RoundedButton.swift */; };
		D060ADCC2A888CA10069DD45 /* SwiftFX in Frameworks */ = {isa = PBXBuildFile; productRef = D060ADCB2A888CA10069DD45 /* SwiftFX */; };
		D060ADCE2A8987A00069DD45 /* Font.swift in Sources */ = {isa = PBXBuildFile; fileRef = D060ADCD2A8987A00069DD45 /* Font.swift */; };
		D060ADD02A89987A0069DD45 /* RectangleViewVersion2.swift in Sources */ = {isa = PBXBuildFile; fileRef = D060ADCF2A89987A0069DD45 /* RectangleViewVersion2.swift */; };
		D060ADD22A899C1B0069DD45 /* CustomFont.swift in Sources */ = {isa = PBXBuildFile; fileRef = D060ADD12A899C1B0069DD45 /* CustomFont.swift */; };
		D060ADD42A89B6FB0069DD45 /* FinishedWorkout.swift in Sources */ = {isa = PBXBuildFile; fileRef = D060ADD32A89B6FB0069DD45 /* FinishedWorkout.swift */; };
		D060ADD62A89EFAD0069DD45 /* RectangleVersion3.swift in Sources */ = {isa = PBXBuildFile; fileRef = D060ADD52A89EFAD0069DD45 /* RectangleVersion3.swift */; };
		D060ADDE2A9A98920069DD45 /* running_for_it_watchApp.swift in Sources */ = {isa = PBXBuildFile; fileRef = D060ADDD2A9A98920069DD45 /* running_for_it_watchApp.swift */; };
		D060ADE02A9A98920069DD45 /* ContentView.swift in Sources */ = {isa = PBXBuildFile; fileRef = D060ADDF2A9A98920069DD45 /* ContentView.swift */; };
		D060ADE22A9A98940069DD45 /* Assets.xcassets in Resources */ = {isa = PBXBuildFile; fileRef = D060ADE12A9A98940069DD45 /* Assets.xcassets */; };
		D060ADE52A9A98940069DD45 /* Preview Assets.xcassets in Resources */ = {isa = PBXBuildFile; fileRef = D060ADE42A9A98940069DD45 /* Preview Assets.xcassets */; };
		D060ADEF2A9A98940069DD45 /* running_for_it_watch_Watch_AppTests.swift in Sources */ = {isa = PBXBuildFile; fileRef = D060ADEE2A9A98940069DD45 /* running_for_it_watch_Watch_AppTests.swift */; };
		D060ADF92A9A98950069DD45 /* running_for_it_watch_Watch_AppUITests.swift in Sources */ = {isa = PBXBuildFile; fileRef = D060ADF82A9A98950069DD45 /* running_for_it_watch_Watch_AppUITests.swift */; };
		D060ADFB2A9A98950069DD45 /* running_for_it_watch_Watch_AppUITestsLaunchTests.swift in Sources */ = {isa = PBXBuildFile; fileRef = D060ADFA2A9A98950069DD45 /* running_for_it_watch_Watch_AppUITestsLaunchTests.swift */; };
		D060ADFE2A9A98950069DD45 /* running for it watch Watch App.app in Embed Watch Content */ = {isa = PBXBuildFile; fileRef = D060ADDB2A9A98920069DD45 /* running for it watch Watch App.app */; settings = {ATTRIBUTES = (RemoveHeadersOnCopy, ); }; };
		D06CB4CD2A9E98DD00AB04C9 /* ActivityTracker.swift in Sources */ = {isa = PBXBuildFile; fileRef = D06CB4CC2A9E98DD00AB04C9 /* ActivityTracker.swift */; };
		D06CB4D12A9EB31200AB04C9 /* UserCredentials.swift in Sources */ = {isa = PBXBuildFile; fileRef = D06CB4D02A9EB31200AB04C9 /* UserCredentials.swift */; };
		D06CB4D32A9FEBE300AB04C9 /* lilRectangle2.swift in Sources */ = {isa = PBXBuildFile; fileRef = D06CB4D22A9FEBE300AB04C9 /* lilRectangle2.swift */; };
		D06CB4D52A9FEC2600AB04C9 /* lilRectangle.swift in Sources */ = {isa = PBXBuildFile; fileRef = D06CB4D42A9FEC2600AB04C9 /* lilRectangle.swift */; };
		D06CB4D72A9FEEA400AB04C9 /* navBar.swift in Sources */ = {isa = PBXBuildFile; fileRef = D06CB4D62A9FEEA400AB04C9 /* navBar.swift */; };
		D09DAF9F2AA00CA0008FFBDC /* intermediatePlan.swift in Sources */ = {isa = PBXBuildFile; fileRef = D09DAF9E2AA00CA0008FFBDC /* intermediatePlan.swift */; };
		D09DAFA12AA00CC0008FFBDC /* expertPlan.swift in Sources */ = {isa = PBXBuildFile; fileRef = D09DAFA02AA00CC0008FFBDC /* expertPlan.swift */; };
		D09DAFA32AA6D025008FFBDC /* database.swift in Sources */ = {isa = PBXBuildFile; fileRef = D09DAFA22AA6D025008FFBDC /* database.swift */; };
		D09DAFA62AA6D193008FFBDC /* SQLite in Frameworks */ = {isa = PBXBuildFile; productRef = D09DAFA52AA6D193008FFBDC /* SQLite */; };
		D0F64D662A9D74F2003B3BF0 /* HomePage.swift in Sources */ = {isa = PBXBuildFile; fileRef = D0F64D652A9D74F2003B3BF0 /* HomePage.swift */; };
		D0F64D692A9D77C7003B3BF0 /* ProfilePage.swift in Sources */ = {isa = PBXBuildFile; fileRef = D0F64D682A9D77C7003B3BF0 /* ProfilePage.swift */; };
		D0F64D6B2A9D7D75003B3BF0 /* TimesUserSelected.swift in Sources */ = {isa = PBXBuildFile; fileRef = D0F64D6A2A9D7D75003B3BF0 /* TimesUserSelected.swift */; };
		D0F64D6D2A9D7D9C003B3BF0 /* UserInformation.swift in Sources */ = {isa = PBXBuildFile; fileRef = D0F64D6C2A9D7D9C003B3BF0 /* UserInformation.swift */; };
		D0F64D6F2A9DA10F003B3BF0 /* barGraph.swift in Sources */ = {isa = PBXBuildFile; fileRef = D0F64D6E2A9DA10F003B3BF0 /* barGraph.swift */; };
		D0F64D712A9DA950003B3BF0 /* targetRun.swift in Sources */ = {isa = PBXBuildFile; fileRef = D0F64D702A9DA950003B3BF0 /* targetRun.swift */; };
		D0F64D732A9DAE2D003B3BF0 /* CreateAccount.swift in Sources */ = {isa = PBXBuildFile; fileRef = D0F64D722A9DAE2D003B3BF0 /* CreateAccount.swift */; };
		D0F64D752A9DB211003B3BF0 /* Login.swift in Sources */ = {isa = PBXBuildFile; fileRef = D0F64D742A9DB211003B3BF0 /* Login.swift */; };
		D0F64D772A9DB3C7003B3BF0 /* Welcome.swift in Sources */ = {isa = PBXBuildFile; fileRef = D0F64D762A9DB3C7003B3BF0 /* Welcome.swift */; };
/* End PBXBuildFile section */

/* Begin PBXContainerItemProxy section */
		D060AD382A79FAD30069DD45 /* PBXContainerItemProxy */ = {
			isa = PBXContainerItemProxy;
			containerPortal = D060AD1F2A79FAD10069DD45 /* Project object */;
			proxyType = 1;
			remoteGlobalIDString = D060AD262A79FAD10069DD45;
			remoteInfo = "running for it";
		};
		D060AD422A79FAD30069DD45 /* PBXContainerItemProxy */ = {
			isa = PBXContainerItemProxy;
			containerPortal = D060AD1F2A79FAD10069DD45 /* Project object */;
			proxyType = 1;
			remoteGlobalIDString = D060AD262A79FAD10069DD45;
			remoteInfo = "running for it";
		};
		D060AD6E2A7CD7E10069DD45 /* PBXContainerItemProxy */ = {
			isa = PBXContainerItemProxy;
			containerPortal = D060AD1F2A79FAD10069DD45 /* Project object */;
			proxyType = 1;
			remoteGlobalIDString = D060AD5D2A7CD7DF0069DD45;
			remoteInfo = runner;
		};
		D060AD782A7CD7E10069DD45 /* PBXContainerItemProxy */ = {
			isa = PBXContainerItemProxy;
			containerPortal = D060AD1F2A79FAD10069DD45 /* Project object */;
			proxyType = 1;
			remoteGlobalIDString = D060AD5D2A7CD7DF0069DD45;
			remoteInfo = runner;
		};
		D060ADEB2A9A98940069DD45 /* PBXContainerItemProxy */ = {
			isa = PBXContainerItemProxy;
			containerPortal = D060AD1F2A79FAD10069DD45 /* Project object */;
			proxyType = 1;
			remoteGlobalIDString = D060ADDA2A9A98920069DD45;
			remoteInfo = "running for it watch Watch App";
		};
		D060ADF52A9A98950069DD45 /* PBXContainerItemProxy */ = {
			isa = PBXContainerItemProxy;
			containerPortal = D060AD1F2A79FAD10069DD45 /* Project object */;
			proxyType = 1;
			remoteGlobalIDString = D060ADDA2A9A98920069DD45;
			remoteInfo = "running for it watch Watch App";
		};
/* End PBXContainerItemProxy section */

/* Begin PBXCopyFilesBuildPhase section */
		D060ADAA2A7CD7E20069DD45 /* Embed Watch Content */ = {
			isa = PBXCopyFilesBuildPhase;
			buildActionMask = 2147483647;
			dstPath = "$(CONTENTS_FOLDER_PATH)/Watch";
			dstSubfolderSpec = 16;
			files = (
			);
			name = "Embed Watch Content";
			runOnlyForDeploymentPostprocessing = 0;
		};
		D060AE022A9A98950069DD45 /* Embed Watch Content */ = {
			isa = PBXCopyFilesBuildPhase;
			buildActionMask = 2147483647;
			dstPath = "$(CONTENTS_FOLDER_PATH)/Watch";
			dstSubfolderSpec = 16;
			files = (
				D060ADFE2A9A98950069DD45 /* running for it watch Watch App.app in Embed Watch Content */,
			);
			name = "Embed Watch Content";
			runOnlyForDeploymentPostprocessing = 0;
		};
/* End PBXCopyFilesBuildPhase section */

/* Begin PBXFileReference section */
		D03F54FE2A9FF1DD0051F182 /* singleWorkout.swift */ = {isa = PBXFileReference; lastKnownFileType = sourcecode.swift; path = singleWorkout.swift; sourceTree = "<group>"; };
		D057E93F2A9D2F9200901153 /* gradient.swift */ = {isa = PBXFileReference; lastKnownFileType = sourcecode.swift; path = gradient.swift; sourceTree = "<group>"; };
		D057E9412A9D448100901153 /* Onboarding.swift */ = {isa = PBXFileReference; lastKnownFileType = sourcecode.swift; path = Onboarding.swift; sourceTree = "<group>"; };
		D057E9432A9D573A00901153 /* beginnerPlan.swift */ = {isa = PBXFileReference; lastKnownFileType = sourcecode.swift; path = beginnerPlan.swift; sourceTree = "<group>"; };
		D057E9452A9D5D3800901153 /* LevelSelect.swift */ = {isa = PBXFileReference; lastKnownFileType = sourcecode.swift; path = LevelSelect.swift; sourceTree = "<group>"; };
		D057E9472A9D5F2200901153 /* beginnerOption.swift */ = {isa = PBXFileReference; lastKnownFileType = sourcecode.swift; path = beginnerOption.swift; sourceTree = "<group>"; };
		D060AD272A79FAD10069DD45 /* running for it.app */ = {isa = PBXFileReference; explicitFileType = wrapper.application; includeInIndex = 0; path = "running for it.app"; sourceTree = BUILT_PRODUCTS_DIR; };
		D060AD2A2A79FAD10069DD45 /* running_for_itApp.swift */ = {isa = PBXFileReference; lastKnownFileType = sourcecode.swift; path = running_for_itApp.swift; sourceTree = "<group>"; };
		D060AD2C2A79FAD10069DD45 /* ContentView.swift */ = {isa = PBXFileReference; lastKnownFileType = sourcecode.swift; path = ContentView.swift; sourceTree = "<group>"; };
		D060AD2E2A79FAD30069DD45 /* Assets.xcassets */ = {isa = PBXFileReference; lastKnownFileType = folder.assetcatalog; path = Assets.xcassets; sourceTree = "<group>"; };
		D060AD312A79FAD30069DD45 /* Preview Assets.xcassets */ = {isa = PBXFileReference; lastKnownFileType = folder.assetcatalog; path = "Preview Assets.xcassets"; sourceTree = "<group>"; };
		D060AD372A79FAD30069DD45 /* running for itTests.xctest */ = {isa = PBXFileReference; explicitFileType = wrapper.cfbundle; includeInIndex = 0; path = "running for itTests.xctest"; sourceTree = BUILT_PRODUCTS_DIR; };
		D060AD3B2A79FAD30069DD45 /* running_for_itTests.swift */ = {isa = PBXFileReference; lastKnownFileType = sourcecode.swift; path = running_for_itTests.swift; sourceTree = "<group>"; };
		D060AD412A79FAD30069DD45 /* running for itUITests.xctest */ = {isa = PBXFileReference; explicitFileType = wrapper.cfbundle; includeInIndex = 0; path = "running for itUITests.xctest"; sourceTree = BUILT_PRODUCTS_DIR; };
		D060AD452A79FAD30069DD45 /* running_for_itUITests.swift */ = {isa = PBXFileReference; lastKnownFileType = sourcecode.swift; path = running_for_itUITests.swift; sourceTree = "<group>"; };
		D060AD472A79FAD30069DD45 /* running_for_itUITestsLaunchTests.swift */ = {isa = PBXFileReference; lastKnownFileType = sourcecode.swift; path = running_for_itUITestsLaunchTests.swift; sourceTree = "<group>"; };
		D060AD542A7A00D90069DD45 /* Choose_Type.swift */ = {isa = PBXFileReference; lastKnownFileType = sourcecode.swift; path = Choose_Type.swift; sourceTree = "<group>"; };
		D060AD562A7B74350069DD45 /* SelectIntervalTime.swift */ = {isa = PBXFileReference; lastKnownFileType = sourcecode.swift; path = SelectIntervalTime.swift; sourceTree = "<group>"; };
		D060AD582A7CC8A70069DD45 /* Countdown.swift */ = {isa = PBXFileReference; lastKnownFileType = sourcecode.swift; path = Countdown.swift; sourceTree = "<group>"; };
		D060AD5E2A7CD7DF0069DD45 /* runner.app */ = {isa = PBXFileReference; explicitFileType = wrapper.application; includeInIndex = 0; path = runner.app; sourceTree = BUILT_PRODUCTS_DIR; };
		D060AD6D2A7CD7E10069DD45 /* runnerTests.xctest */ = {isa = PBXFileReference; explicitFileType = wrapper.cfbundle; includeInIndex = 0; path = runnerTests.xctest; sourceTree = BUILT_PRODUCTS_DIR; };
		D060AD772A7CD7E10069DD45 /* runnerUITests.xctest */ = {isa = PBXFileReference; explicitFileType = wrapper.cfbundle; includeInIndex = 0; path = runnerUITests.xctest; sourceTree = BUILT_PRODUCTS_DIR; };
		D060AD952A7CD7E20069DD45 /* runner Watch AppTests.xctest */ = {isa = PBXFileReference; explicitFileType = wrapper.cfbundle; includeInIndex = 0; path = "runner Watch AppTests.xctest"; sourceTree = BUILT_PRODUCTS_DIR; };
		D060AD9F2A7CD7E20069DD45 /* runner Watch AppUITests.xctest */ = {isa = PBXFileReference; explicitFileType = wrapper.cfbundle; includeInIndex = 0; path = "runner Watch AppUITests.xctest"; sourceTree = BUILT_PRODUCTS_DIR; };
		D060ADBA2A809C250069DD45 /* RectangleView.swift */ = {isa = PBXFileReference; lastKnownFileType = sourcecode.swift; path = RectangleView.swift; sourceTree = "<group>"; };
		D060ADBC2A809E0A0069DD45 /* TimeSelected.swift */ = {isa = PBXFileReference; lastKnownFileType = sourcecode.swift; path = TimeSelected.swift; sourceTree = "<group>"; };
		D060ADBE2A844B8F0069DD45 /* IntervalsSelected.swift */ = {isa = PBXFileReference; lastKnownFileType = sourcecode.swift; path = IntervalsSelected.swift; sourceTree = "<group>"; };
		D060ADC02A858F010069DD45 /* DistanceSelected.swift */ = {isa = PBXFileReference; lastKnownFileType = sourcecode.swift; path = DistanceSelected.swift; sourceTree = "<group>"; };
		D060ADC22A85FD8A0069DD45 /* WorkoutSummary.swift */ = {isa = PBXFileReference; lastKnownFileType = sourcecode.swift; path = WorkoutSummary.swift; sourceTree = "<group>"; };
		D060ADC42A85FE340069DD45 /* SummarySquare.swift */ = {isa = PBXFileReference; lastKnownFileType = sourcecode.swift; path = SummarySquare.swift; sourceTree = "<group>"; };
		D060ADC62A85FF2C0069DD45 /* RoundedButton.swift */ = {isa = PBXFileReference; lastKnownFileType = sourcecode.swift; path = RoundedButton.swift; sourceTree = "<group>"; };
		D060ADCD2A8987A00069DD45 /* Font.swift */ = {isa = PBXFileReference; lastKnownFileType = sourcecode.swift; path = Font.swift; sourceTree = "<group>"; };
		D060ADCF2A89987A0069DD45 /* RectangleViewVersion2.swift */ = {isa = PBXFileReference; lastKnownFileType = sourcecode.swift; path = RectangleViewVersion2.swift; sourceTree = "<group>"; };
		D060ADD12A899C1B0069DD45 /* CustomFont.swift */ = {isa = PBXFileReference; lastKnownFileType = sourcecode.swift; path = CustomFont.swift; sourceTree = "<group>"; };
		D060ADD32A89B6FB0069DD45 /* FinishedWorkout.swift */ = {isa = PBXFileReference; lastKnownFileType = sourcecode.swift; path = FinishedWorkout.swift; sourceTree = "<group>"; };
		D060ADD52A89EFAD0069DD45 /* RectangleVersion3.swift */ = {isa = PBXFileReference; lastKnownFileType = sourcecode.swift; path = RectangleVersion3.swift; sourceTree = "<group>"; };
		D060ADDB2A9A98920069DD45 /* running for it watch Watch App.app */ = {isa = PBXFileReference; explicitFileType = wrapper.application; includeInIndex = 0; path = "running for it watch Watch App.app"; sourceTree = BUILT_PRODUCTS_DIR; };
		D060ADDD2A9A98920069DD45 /* running_for_it_watchApp.swift */ = {isa = PBXFileReference; lastKnownFileType = sourcecode.swift; path = running_for_it_watchApp.swift; sourceTree = "<group>"; };
		D060ADDF2A9A98920069DD45 /* ContentView.swift */ = {isa = PBXFileReference; lastKnownFileType = sourcecode.swift; path = ContentView.swift; sourceTree = "<group>"; };
		D060ADE12A9A98940069DD45 /* Assets.xcassets */ = {isa = PBXFileReference; lastKnownFileType = folder.assetcatalog; path = Assets.xcassets; sourceTree = "<group>"; };
		D060ADE42A9A98940069DD45 /* Preview Assets.xcassets */ = {isa = PBXFileReference; lastKnownFileType = folder.assetcatalog; path = "Preview Assets.xcassets"; sourceTree = "<group>"; };
		D060ADEA2A9A98940069DD45 /* running for it watch Watch AppTests.xctest */ = {isa = PBXFileReference; explicitFileType = wrapper.cfbundle; includeInIndex = 0; path = "running for it watch Watch AppTests.xctest"; sourceTree = BUILT_PRODUCTS_DIR; };
		D060ADEE2A9A98940069DD45 /* running_for_it_watch_Watch_AppTests.swift */ = {isa = PBXFileReference; lastKnownFileType = sourcecode.swift; path = running_for_it_watch_Watch_AppTests.swift; sourceTree = "<group>"; };
		D060ADF42A9A98940069DD45 /* running for it watch Watch AppUITests.xctest */ = {isa = PBXFileReference; explicitFileType = wrapper.cfbundle; includeInIndex = 0; path = "running for it watch Watch AppUITests.xctest"; sourceTree = BUILT_PRODUCTS_DIR; };
		D060ADF82A9A98950069DD45 /* running_for_it_watch_Watch_AppUITests.swift */ = {isa = PBXFileReference; lastKnownFileType = sourcecode.swift; path = running_for_it_watch_Watch_AppUITests.swift; sourceTree = "<group>"; };
		D060ADFA2A9A98950069DD45 /* running_for_it_watch_Watch_AppUITestsLaunchTests.swift */ = {isa = PBXFileReference; lastKnownFileType = sourcecode.swift; path = running_for_it_watch_Watch_AppUITestsLaunchTests.swift; sourceTree = "<group>"; };
		D06CB4CC2A9E98DD00AB04C9 /* ActivityTracker.swift */ = {isa = PBXFileReference; lastKnownFileType = sourcecode.swift; path = ActivityTracker.swift; sourceTree = "<group>"; };
		D06CB4D02A9EB31200AB04C9 /* UserCredentials.swift */ = {isa = PBXFileReference; lastKnownFileType = sourcecode.swift; path = UserCredentials.swift; sourceTree = "<group>"; };
		D06CB4D22A9FEBE300AB04C9 /* lilRectangle2.swift */ = {isa = PBXFileReference; lastKnownFileType = sourcecode.swift; path = lilRectangle2.swift; sourceTree = "<group>"; };
		D06CB4D42A9FEC2600AB04C9 /* lilRectangle.swift */ = {isa = PBXFileReference; lastKnownFileType = sourcecode.swift; path = lilRectangle.swift; sourceTree = "<group>"; };
		D06CB4D62A9FEEA400AB04C9 /* navBar.swift */ = {isa = PBXFileReference; lastKnownFileType = sourcecode.swift; path = navBar.swift; sourceTree = "<group>"; };
		D09DAF9E2AA00CA0008FFBDC /* intermediatePlan.swift */ = {isa = PBXFileReference; lastKnownFileType = sourcecode.swift; path = intermediatePlan.swift; sourceTree = "<group>"; };
		D09DAFA02AA00CC0008FFBDC /* expertPlan.swift */ = {isa = PBXFileReference; lastKnownFileType = sourcecode.swift; path = expertPlan.swift; sourceTree = "<group>"; };
		D09DAFA22AA6D025008FFBDC /* database.swift */ = {isa = PBXFileReference; lastKnownFileType = sourcecode.swift; path = database.swift; sourceTree = "<group>"; };
		D0F64D652A9D74F2003B3BF0 /* HomePage.swift */ = {isa = PBXFileReference; lastKnownFileType = sourcecode.swift; path = HomePage.swift; sourceTree = "<group>"; };
		D0F64D682A9D77C7003B3BF0 /* ProfilePage.swift */ = {isa = PBXFileReference; lastKnownFileType = sourcecode.swift; path = ProfilePage.swift; sourceTree = "<group>"; };
		D0F64D6A2A9D7D75003B3BF0 /* TimesUserSelected.swift */ = {isa = PBXFileReference; lastKnownFileType = sourcecode.swift; path = TimesUserSelected.swift; sourceTree = "<group>"; };
		D0F64D6C2A9D7D9C003B3BF0 /* UserInformation.swift */ = {isa = PBXFileReference; lastKnownFileType = sourcecode.swift; path = UserInformation.swift; sourceTree = "<group>"; };
		D0F64D6E2A9DA10F003B3BF0 /* barGraph.swift */ = {isa = PBXFileReference; lastKnownFileType = sourcecode.swift; path = barGraph.swift; sourceTree = "<group>"; };
		D0F64D702A9DA950003B3BF0 /* targetRun.swift */ = {isa = PBXFileReference; lastKnownFileType = sourcecode.swift; path = targetRun.swift; sourceTree = "<group>"; };
		D0F64D722A9DAE2D003B3BF0 /* CreateAccount.swift */ = {isa = PBXFileReference; lastKnownFileType = sourcecode.swift; path = CreateAccount.swift; sourceTree = "<group>"; };
		D0F64D742A9DB211003B3BF0 /* Login.swift */ = {isa = PBXFileReference; lastKnownFileType = sourcecode.swift; path = Login.swift; sourceTree = "<group>"; };
		D0F64D762A9DB3C7003B3BF0 /* Welcome.swift */ = {isa = PBXFileReference; lastKnownFileType = sourcecode.swift; path = Welcome.swift; sourceTree = "<group>"; };
/* End PBXFileReference section */

/* Begin PBXFrameworksBuildPhase section */
		D060AD242A79FAD10069DD45 /* Frameworks */ = {
			isa = PBXFrameworksBuildPhase;
			buildActionMask = 2147483647;
			files = (
				D09DAFA62AA6D193008FFBDC /* SQLite in Frameworks */,
				D060ADCC2A888CA10069DD45 /* SwiftFX in Frameworks */,
			);
			runOnlyForDeploymentPostprocessing = 0;
		};
		D060AD342A79FAD30069DD45 /* Frameworks */ = {
			isa = PBXFrameworksBuildPhase;
			buildActionMask = 2147483647;
			files = (
			);
			runOnlyForDeploymentPostprocessing = 0;
		};
		D060AD3E2A79FAD30069DD45 /* Frameworks */ = {
			isa = PBXFrameworksBuildPhase;
			buildActionMask = 2147483647;
			files = (
			);
			runOnlyForDeploymentPostprocessing = 0;
		};
		D060AD5B2A7CD7DF0069DD45 /* Frameworks */ = {
			isa = PBXFrameworksBuildPhase;
			buildActionMask = 2147483647;
			files = (
			);
			runOnlyForDeploymentPostprocessing = 0;
		};
		D060AD6A2A7CD7E10069DD45 /* Frameworks */ = {
			isa = PBXFrameworksBuildPhase;
			buildActionMask = 2147483647;
			files = (
			);
			runOnlyForDeploymentPostprocessing = 0;
		};
		D060AD742A7CD7E10069DD45 /* Frameworks */ = {
			isa = PBXFrameworksBuildPhase;
			buildActionMask = 2147483647;
			files = (
			);
			runOnlyForDeploymentPostprocessing = 0;
		};
		D060AD922A7CD7E20069DD45 /* Frameworks */ = {
			isa = PBXFrameworksBuildPhase;
			buildActionMask = 2147483647;
			files = (
			);
			runOnlyForDeploymentPostprocessing = 0;
		};
		D060AD9C2A7CD7E20069DD45 /* Frameworks */ = {
			isa = PBXFrameworksBuildPhase;
			buildActionMask = 2147483647;
			files = (
			);
			runOnlyForDeploymentPostprocessing = 0;
		};
		D060ADD82A9A98920069DD45 /* Frameworks */ = {
			isa = PBXFrameworksBuildPhase;
			buildActionMask = 2147483647;
			files = (
			);
			runOnlyForDeploymentPostprocessing = 0;
		};
		D060ADE72A9A98940069DD45 /* Frameworks */ = {
			isa = PBXFrameworksBuildPhase;
			buildActionMask = 2147483647;
			files = (
			);
			runOnlyForDeploymentPostprocessing = 0;
		};
		D060ADF12A9A98940069DD45 /* Frameworks */ = {
			isa = PBXFrameworksBuildPhase;
			buildActionMask = 2147483647;
			files = (
			);
			runOnlyForDeploymentPostprocessing = 0;
		};
/* End PBXFrameworksBuildPhase section */

/* Begin PBXGroup section */
		D060AD1E2A79FAD10069DD45 = {
			isa = PBXGroup;
			children = (
				D060AD292A79FAD10069DD45 /* running for it */,
				D060AD3A2A79FAD30069DD45 /* running for itTests */,
				D060AD442A79FAD30069DD45 /* running for itUITests */,
				D060ADDC2A9A98920069DD45 /* running for it watch Watch App */,
				D060ADED2A9A98940069DD45 /* running for it watch Watch AppTests */,
				D060ADF72A9A98950069DD45 /* running for it watch Watch AppUITests */,
				D060AD282A79FAD10069DD45 /* Products */,
			);
			sourceTree = "<group>";
		};
		D060AD282A79FAD10069DD45 /* Products */ = {
			isa = PBXGroup;
			children = (
				D060AD272A79FAD10069DD45 /* running for it.app */,
				D060AD372A79FAD30069DD45 /* running for itTests.xctest */,
				D060AD412A79FAD30069DD45 /* running for itUITests.xctest */,
				D060AD5E2A7CD7DF0069DD45 /* runner.app */,
				D060AD6D2A7CD7E10069DD45 /* runnerTests.xctest */,
				D060AD772A7CD7E10069DD45 /* runnerUITests.xctest */,
				D060AD952A7CD7E20069DD45 /* runner Watch AppTests.xctest */,
				D060AD9F2A7CD7E20069DD45 /* runner Watch AppUITests.xctest */,
				D060ADDB2A9A98920069DD45 /* running for it watch Watch App.app */,
				D060ADEA2A9A98940069DD45 /* running for it watch Watch AppTests.xctest */,
				D060ADF42A9A98940069DD45 /* running for it watch Watch AppUITests.xctest */,
			);
			name = Products;
			sourceTree = "<group>";
		};
		D060AD292A79FAD10069DD45 /* running for it */ = {
			isa = PBXGroup;
			children = (
				D0F64D672A9D7566003B3BF0 /* Old design */,
				D060AD2A2A79FAD10069DD45 /* running_for_itApp.swift */,
				D060AD2C2A79FAD10069DD45 /* ContentView.swift */,
				D06CB4CC2A9E98DD00AB04C9 /* ActivityTracker.swift */,
				D09DAFA22AA6D025008FFBDC /* database.swift */,
				D06CB4D42A9FEC2600AB04C9 /* lilRectangle.swift */,
				D06CB4D22A9FEBE300AB04C9 /* lilRectangle2.swift */,
				D057E9432A9D573A00901153 /* beginnerPlan.swift */,
				D09DAF9E2AA00CA0008FFBDC /* intermediatePlan.swift */,
				D09DAFA02AA00CC0008FFBDC /* expertPlan.swift */,
				D0F64D682A9D77C7003B3BF0 /* ProfilePage.swift */,
				D03F54FE2A9FF1DD0051F182 /* singleWorkout.swift */,
				D0F64D6C2A9D7D9C003B3BF0 /* UserInformation.swift */,
				D057E9412A9D448100901153 /* Onboarding.swift */,
				D057E9452A9D5D3800901153 /* LevelSelect.swift */,
				D06CB4D02A9EB31200AB04C9 /* UserCredentials.swift */,
				D0F64D652A9D74F2003B3BF0 /* HomePage.swift */,
				D06CB4D62A9FEEA400AB04C9 /* navBar.swift */,
				D0F64D702A9DA950003B3BF0 /* targetRun.swift */,
				D0F64D6E2A9DA10F003B3BF0 /* barGraph.swift */,
				D057E9472A9D5F2200901153 /* beginnerOption.swift */,
				D057E93F2A9D2F9200901153 /* gradient.swift */,
				D060ADD32A89B6FB0069DD45 /* FinishedWorkout.swift */,
				D0F64D722A9DAE2D003B3BF0 /* CreateAccount.swift */,
				D0F64D742A9DB211003B3BF0 /* Login.swift */,
				D0F64D762A9DB3C7003B3BF0 /* Welcome.swift */,
				D060AD582A7CC8A70069DD45 /* Countdown.swift */,
				D060AD2E2A79FAD30069DD45 /* Assets.xcassets */,
				D060AD302A79FAD30069DD45 /* Preview Content */,
			);
			path = "running for it";
			sourceTree = "<group>";
		};
		D060AD302A79FAD30069DD45 /* Preview Content */ = {
			isa = PBXGroup;
			children = (
				D060AD312A79FAD30069DD45 /* Preview Assets.xcassets */,
			);
			path = "Preview Content";
			sourceTree = "<group>";
		};
		D060AD3A2A79FAD30069DD45 /* running for itTests */ = {
			isa = PBXGroup;
			children = (
				D060AD3B2A79FAD30069DD45 /* running_for_itTests.swift */,
			);
			path = "running for itTests";
			sourceTree = "<group>";
		};
		D060AD442A79FAD30069DD45 /* running for itUITests */ = {
			isa = PBXGroup;
			children = (
				D060AD452A79FAD30069DD45 /* running_for_itUITests.swift */,
				D060AD472A79FAD30069DD45 /* running_for_itUITestsLaunchTests.swift */,
			);
			path = "running for itUITests";
			sourceTree = "<group>";
		};
		D060ADDC2A9A98920069DD45 /* running for it watch Watch App */ = {
			isa = PBXGroup;
			children = (
				D060ADDD2A9A98920069DD45 /* running_for_it_watchApp.swift */,
				D060ADDF2A9A98920069DD45 /* ContentView.swift */,
				D060ADE12A9A98940069DD45 /* Assets.xcassets */,
				D060ADE32A9A98940069DD45 /* Preview Content */,
			);
			path = "running for it watch Watch App";
			sourceTree = "<group>";
		};
		D060ADE32A9A98940069DD45 /* Preview Content */ = {
			isa = PBXGroup;
			children = (
				D060ADE42A9A98940069DD45 /* Preview Assets.xcassets */,
			);
			path = "Preview Content";
			sourceTree = "<group>";
		};
		D060ADED2A9A98940069DD45 /* running for it watch Watch AppTests */ = {
			isa = PBXGroup;
			children = (
				D060ADEE2A9A98940069DD45 /* running_for_it_watch_Watch_AppTests.swift */,
			);
			path = "running for it watch Watch AppTests";
			sourceTree = "<group>";
		};
		D060ADF72A9A98950069DD45 /* running for it watch Watch AppUITests */ = {
			isa = PBXGroup;
			children = (
				D060ADF82A9A98950069DD45 /* running_for_it_watch_Watch_AppUITests.swift */,
				D060ADFA2A9A98950069DD45 /* running_for_it_watch_Watch_AppUITestsLaunchTests.swift */,
			);
			path = "running for it watch Watch AppUITests";
			sourceTree = "<group>";
		};
		D0F64D672A9D7566003B3BF0 /* Old design */ = {
			isa = PBXGroup;
			children = (
				D060ADD12A899C1B0069DD45 /* CustomFont.swift */,
				D060ADCD2A8987A00069DD45 /* Font.swift */,
				D060ADBE2A844B8F0069DD45 /* IntervalsSelected.swift */,
				D060AD562A7B74350069DD45 /* SelectIntervalTime.swift */,
				D060ADBA2A809C250069DD45 /* RectangleView.swift */,
				D060ADCF2A89987A0069DD45 /* RectangleViewVersion2.swift */,
				D060ADD52A89EFAD0069DD45 /* RectangleVersion3.swift */,
				D060ADC02A858F010069DD45 /* DistanceSelected.swift */,
				D060ADC42A85FE340069DD45 /* SummarySquare.swift */,
				D060ADC62A85FF2C0069DD45 /* RoundedButton.swift */,
				D0F64D6A2A9D7D75003B3BF0 /* TimesUserSelected.swift */,
				D060ADC22A85FD8A0069DD45 /* WorkoutSummary.swift */,
				D060ADBC2A809E0A0069DD45 /* TimeSelected.swift */,
				D060AD542A7A00D90069DD45 /* Choose_Type.swift */,
			);
			path = "Old design";
			sourceTree = "<group>";
		};
/* End PBXGroup section */

/* Begin PBXNativeTarget section */
		D060AD262A79FAD10069DD45 /* running for it */ = {
			isa = PBXNativeTarget;
			buildConfigurationList = D060AD4B2A79FAD30069DD45 /* Build configuration list for PBXNativeTarget "running for it" */;
			buildPhases = (
				D060AD232A79FAD10069DD45 /* Sources */,
				D060AD242A79FAD10069DD45 /* Frameworks */,
				D060AD252A79FAD10069DD45 /* Resources */,
				D060AE022A9A98950069DD45 /* Embed Watch Content */,
			);
			buildRules = (
			);
			dependencies = (
			);
			name = "running for it";
			packageProductDependencies = (
				D060ADCB2A888CA10069DD45 /* SwiftFX */,
				D09DAFA52AA6D193008FFBDC /* SQLite */,
			);
			productName = "running for it";
			productReference = D060AD272A79FAD10069DD45 /* running for it.app */;
			productType = "com.apple.product-type.application";
		};
		D060AD362A79FAD30069DD45 /* running for itTests */ = {
			isa = PBXNativeTarget;
			buildConfigurationList = D060AD4E2A79FAD30069DD45 /* Build configuration list for PBXNativeTarget "running for itTests" */;
			buildPhases = (
				D060AD332A79FAD30069DD45 /* Sources */,
				D060AD342A79FAD30069DD45 /* Frameworks */,
				D060AD352A79FAD30069DD45 /* Resources */,
			);
			buildRules = (
			);
			dependencies = (
				D060AD392A79FAD30069DD45 /* PBXTargetDependency */,
			);
			name = "running for itTests";
			productName = "running for itTests";
			productReference = D060AD372A79FAD30069DD45 /* running for itTests.xctest */;
			productType = "com.apple.product-type.bundle.unit-test";
		};
		D060AD402A79FAD30069DD45 /* running for itUITests */ = {
			isa = PBXNativeTarget;
			buildConfigurationList = D060AD512A79FAD30069DD45 /* Build configuration list for PBXNativeTarget "running for itUITests" */;
			buildPhases = (
				D060AD3D2A79FAD30069DD45 /* Sources */,
				D060AD3E2A79FAD30069DD45 /* Frameworks */,
				D060AD3F2A79FAD30069DD45 /* Resources */,
			);
			buildRules = (
			);
			dependencies = (
				D060AD432A79FAD30069DD45 /* PBXTargetDependency */,
			);
			name = "running for itUITests";
			productName = "running for itUITests";
			productReference = D060AD412A79FAD30069DD45 /* running for itUITests.xctest */;
			productType = "com.apple.product-type.bundle.ui-testing";
		};
		D060AD5D2A7CD7DF0069DD45 /* runner */ = {
			isa = PBXNativeTarget;
			buildConfigurationList = D060ADAB2A7CD7E20069DD45 /* Build configuration list for PBXNativeTarget "runner" */;
			buildPhases = (
				D060AD5A2A7CD7DF0069DD45 /* Sources */,
				D060AD5B2A7CD7DF0069DD45 /* Frameworks */,
				D060AD5C2A7CD7DF0069DD45 /* Resources */,
				D060ADAA2A7CD7E20069DD45 /* Embed Watch Content */,
			);
			buildRules = (
			);
			dependencies = (
			);
			name = runner;
			productName = runner;
			productReference = D060AD5E2A7CD7DF0069DD45 /* runner.app */;
			productType = "com.apple.product-type.application";
		};
		D060AD6C2A7CD7E10069DD45 /* runnerTests */ = {
			isa = PBXNativeTarget;
			buildConfigurationList = D060ADAE2A7CD7E20069DD45 /* Build configuration list for PBXNativeTarget "runnerTests" */;
			buildPhases = (
				D060AD692A7CD7E10069DD45 /* Sources */,
				D060AD6A2A7CD7E10069DD45 /* Frameworks */,
				D060AD6B2A7CD7E10069DD45 /* Resources */,
			);
			buildRules = (
			);
			dependencies = (
				D060AD6F2A7CD7E10069DD45 /* PBXTargetDependency */,
			);
			name = runnerTests;
			productName = runnerTests;
			productReference = D060AD6D2A7CD7E10069DD45 /* runnerTests.xctest */;
			productType = "com.apple.product-type.bundle.unit-test";
		};
		D060AD762A7CD7E10069DD45 /* runnerUITests */ = {
			isa = PBXNativeTarget;
			buildConfigurationList = D060ADB12A7CD7E20069DD45 /* Build configuration list for PBXNativeTarget "runnerUITests" */;
			buildPhases = (
				D060AD732A7CD7E10069DD45 /* Sources */,
				D060AD742A7CD7E10069DD45 /* Frameworks */,
				D060AD752A7CD7E10069DD45 /* Resources */,
			);
			buildRules = (
			);
			dependencies = (
				D060AD792A7CD7E10069DD45 /* PBXTargetDependency */,
			);
			name = runnerUITests;
			productName = runnerUITests;
			productReference = D060AD772A7CD7E10069DD45 /* runnerUITests.xctest */;
			productType = "com.apple.product-type.bundle.ui-testing";
		};
		D060AD942A7CD7E20069DD45 /* runner Watch AppTests */ = {
			isa = PBXNativeTarget;
			buildConfigurationList = D060ADB42A7CD7E20069DD45 /* Build configuration list for PBXNativeTarget "runner Watch AppTests" */;
			buildPhases = (
				D060AD912A7CD7E20069DD45 /* Sources */,
				D060AD922A7CD7E20069DD45 /* Frameworks */,
				D060AD932A7CD7E20069DD45 /* Resources */,
			);
			buildRules = (
			);
			dependencies = (
			);
			name = "runner Watch AppTests";
			productName = "runner Watch AppTests";
			productReference = D060AD952A7CD7E20069DD45 /* runner Watch AppTests.xctest */;
			productType = "com.apple.product-type.bundle.unit-test";
		};
		D060AD9E2A7CD7E20069DD45 /* runner Watch AppUITests */ = {
			isa = PBXNativeTarget;
			buildConfigurationList = D060ADB72A7CD7E20069DD45 /* Build configuration list for PBXNativeTarget "runner Watch AppUITests" */;
			buildPhases = (
				D060AD9B2A7CD7E20069DD45 /* Sources */,
				D060AD9C2A7CD7E20069DD45 /* Frameworks */,
				D060AD9D2A7CD7E20069DD45 /* Resources */,
			);
			buildRules = (
			);
			dependencies = (
			);
			name = "runner Watch AppUITests";
			productName = "runner Watch AppUITests";
			productReference = D060AD9F2A7CD7E20069DD45 /* runner Watch AppUITests.xctest */;
			productType = "com.apple.product-type.bundle.ui-testing";
		};
		D060ADDA2A9A98920069DD45 /* running for it watch Watch App */ = {
			isa = PBXNativeTarget;
			buildConfigurationList = D060ADFF2A9A98950069DD45 /* Build configuration list for PBXNativeTarget "running for it watch Watch App" */;
			buildPhases = (
				D060ADD72A9A98920069DD45 /* Sources */,
				D060ADD82A9A98920069DD45 /* Frameworks */,
				D060ADD92A9A98920069DD45 /* Resources */,
			);
			buildRules = (
			);
			dependencies = (
			);
			name = "running for it watch Watch App";
			productName = "running for it watch Watch App";
			productReference = D060ADDB2A9A98920069DD45 /* running for it watch Watch App.app */;
			productType = "com.apple.product-type.application";
		};
		D060ADE92A9A98940069DD45 /* running for it watch Watch AppTests */ = {
			isa = PBXNativeTarget;
			buildConfigurationList = D060AE032A9A98950069DD45 /* Build configuration list for PBXNativeTarget "running for it watch Watch AppTests" */;
			buildPhases = (
				D060ADE62A9A98940069DD45 /* Sources */,
				D060ADE72A9A98940069DD45 /* Frameworks */,
				D060ADE82A9A98940069DD45 /* Resources */,
			);
			buildRules = (
			);
			dependencies = (
				D060ADEC2A9A98940069DD45 /* PBXTargetDependency */,
			);
			name = "running for it watch Watch AppTests";
			productName = "running for it watch Watch AppTests";
			productReference = D060ADEA2A9A98940069DD45 /* running for it watch Watch AppTests.xctest */;
			productType = "com.apple.product-type.bundle.unit-test";
		};
		D060ADF32A9A98940069DD45 /* running for it watch Watch AppUITests */ = {
			isa = PBXNativeTarget;
			buildConfigurationList = D060AE062A9A98950069DD45 /* Build configuration list for PBXNativeTarget "running for it watch Watch AppUITests" */;
			buildPhases = (
				D060ADF02A9A98940069DD45 /* Sources */,
				D060ADF12A9A98940069DD45 /* Frameworks */,
				D060ADF22A9A98940069DD45 /* Resources */,
			);
			buildRules = (
			);
			dependencies = (
				D060ADF62A9A98950069DD45 /* PBXTargetDependency */,
			);
			name = "running for it watch Watch AppUITests";
			productName = "running for it watch Watch AppUITests";
			productReference = D060ADF42A9A98940069DD45 /* running for it watch Watch AppUITests.xctest */;
			productType = "com.apple.product-type.bundle.ui-testing";
		};
/* End PBXNativeTarget section */

/* Begin PBXProject section */
		D060AD1F2A79FAD10069DD45 /* Project object */ = {
			isa = PBXProject;
			attributes = {
				BuildIndependentTargetsInParallel = 1;
				LastSwiftUpdateCheck = 1430;
				LastUpgradeCheck = 1430;
				TargetAttributes = {
					D060AD262A79FAD10069DD45 = {
						CreatedOnToolsVersion = 14.3.1;
					};
					D060AD362A79FAD30069DD45 = {
						CreatedOnToolsVersion = 14.3.1;
						TestTargetID = D060AD262A79FAD10069DD45;
					};
					D060AD402A79FAD30069DD45 = {
						CreatedOnToolsVersion = 14.3.1;
						TestTargetID = D060AD262A79FAD10069DD45;
					};
					D060AD5D2A7CD7DF0069DD45 = {
						CreatedOnToolsVersion = 14.3.1;
					};
					D060AD6C2A7CD7E10069DD45 = {
						CreatedOnToolsVersion = 14.3.1;
						TestTargetID = D060AD5D2A7CD7DF0069DD45;
					};
					D060AD762A7CD7E10069DD45 = {
						CreatedOnToolsVersion = 14.3.1;
						TestTargetID = D060AD5D2A7CD7DF0069DD45;
					};
					D060AD942A7CD7E20069DD45 = {
						CreatedOnToolsVersion = 14.3.1;
						TestTargetID = D060AD822A7CD7E10069DD45;
					};
					D060AD9E2A7CD7E20069DD45 = {
						CreatedOnToolsVersion = 14.3.1;
						TestTargetID = D060AD822A7CD7E10069DD45;
					};
					D060ADDA2A9A98920069DD45 = {
						CreatedOnToolsVersion = 14.3.1;
					};
					D060ADE92A9A98940069DD45 = {
						CreatedOnToolsVersion = 14.3.1;
						TestTargetID = D060ADDA2A9A98920069DD45;
					};
					D060ADF32A9A98940069DD45 = {
						CreatedOnToolsVersion = 14.3.1;
						TestTargetID = D060ADDA2A9A98920069DD45;
					};
				};
			};
			buildConfigurationList = D060AD222A79FAD10069DD45 /* Build configuration list for PBXProject "running for it" */;
			compatibilityVersion = "Xcode 14.0";
			developmentRegion = en;
			hasScannedForEncodings = 0;
			knownRegions = (
				en,
				Base,
			);
			mainGroup = D060AD1E2A79FAD10069DD45;
			packageReferences = (
				D060ADCA2A888CA10069DD45 /* XCRemoteSwiftPackageReference "SwiftFX" */,
				D09DAFA42AA6D193008FFBDC /* XCRemoteSwiftPackageReference "SQLite.swift" */,
			);
			productRefGroup = D060AD282A79FAD10069DD45 /* Products */;
			projectDirPath = "";
			projectRoot = "";
			targets = (
				D060AD262A79FAD10069DD45 /* running for it */,
				D060AD362A79FAD30069DD45 /* running for itTests */,
				D060AD402A79FAD30069DD45 /* running for itUITests */,
				D060AD5D2A7CD7DF0069DD45 /* runner */,
				D060AD6C2A7CD7E10069DD45 /* runnerTests */,
				D060AD762A7CD7E10069DD45 /* runnerUITests */,
				D060AD942A7CD7E20069DD45 /* runner Watch AppTests */,
				D060AD9E2A7CD7E20069DD45 /* runner Watch AppUITests */,
				D060ADDA2A9A98920069DD45 /* running for it watch Watch App */,
				D060ADE92A9A98940069DD45 /* running for it watch Watch AppTests */,
				D060ADF32A9A98940069DD45 /* running for it watch Watch AppUITests */,
			);
		};
/* End PBXProject section */

/* Begin PBXResourcesBuildPhase section */
		D060AD252A79FAD10069DD45 /* Resources */ = {
			isa = PBXResourcesBuildPhase;
			buildActionMask = 2147483647;
			files = (
				D060AD322A79FAD30069DD45 /* Preview Assets.xcassets in Resources */,
				D060AD2F2A79FAD30069DD45 /* Assets.xcassets in Resources */,
			);
			runOnlyForDeploymentPostprocessing = 0;
		};
		D060AD352A79FAD30069DD45 /* Resources */ = {
			isa = PBXResourcesBuildPhase;
			buildActionMask = 2147483647;
			files = (
			);
			runOnlyForDeploymentPostprocessing = 0;
		};
		D060AD3F2A79FAD30069DD45 /* Resources */ = {
			isa = PBXResourcesBuildPhase;
			buildActionMask = 2147483647;
			files = (
			);
			runOnlyForDeploymentPostprocessing = 0;
		};
		D060AD5C2A7CD7DF0069DD45 /* Resources */ = {
			isa = PBXResourcesBuildPhase;
			buildActionMask = 2147483647;
			files = (
			);
			runOnlyForDeploymentPostprocessing = 0;
		};
		D060AD6B2A7CD7E10069DD45 /* Resources */ = {
			isa = PBXResourcesBuildPhase;
			buildActionMask = 2147483647;
			files = (
			);
			runOnlyForDeploymentPostprocessing = 0;
		};
		D060AD752A7CD7E10069DD45 /* Resources */ = {
			isa = PBXResourcesBuildPhase;
			buildActionMask = 2147483647;
			files = (
			);
			runOnlyForDeploymentPostprocessing = 0;
		};
		D060AD932A7CD7E20069DD45 /* Resources */ = {
			isa = PBXResourcesBuildPhase;
			buildActionMask = 2147483647;
			files = (
			);
			runOnlyForDeploymentPostprocessing = 0;
		};
		D060AD9D2A7CD7E20069DD45 /* Resources */ = {
			isa = PBXResourcesBuildPhase;
			buildActionMask = 2147483647;
			files = (
			);
			runOnlyForDeploymentPostprocessing = 0;
		};
		D060ADD92A9A98920069DD45 /* Resources */ = {
			isa = PBXResourcesBuildPhase;
			buildActionMask = 2147483647;
			files = (
				D060ADE52A9A98940069DD45 /* Preview Assets.xcassets in Resources */,
				D060ADE22A9A98940069DD45 /* Assets.xcassets in Resources */,
			);
			runOnlyForDeploymentPostprocessing = 0;
		};
		D060ADE82A9A98940069DD45 /* Resources */ = {
			isa = PBXResourcesBuildPhase;
			buildActionMask = 2147483647;
			files = (
			);
			runOnlyForDeploymentPostprocessing = 0;
		};
		D060ADF22A9A98940069DD45 /* Resources */ = {
			isa = PBXResourcesBuildPhase;
			buildActionMask = 2147483647;
			files = (
			);
			runOnlyForDeploymentPostprocessing = 0;
		};
/* End PBXResourcesBuildPhase section */

/* Begin PBXSourcesBuildPhase section */
		D060AD232A79FAD10069DD45 /* Sources */ = {
			isa = PBXSourcesBuildPhase;
			buildActionMask = 2147483647;
			files = (
				D06CB4D52A9FEC2600AB04C9 /* lilRectangle.swift in Sources */,
				D060ADD22A899C1B0069DD45 /* CustomFont.swift in Sources */,
				D0F64D662A9D74F2003B3BF0 /* HomePage.swift in Sources */,
				D0F64D6F2A9DA10F003B3BF0 /* barGraph.swift in Sources */,
				D0F64D6B2A9D7D75003B3BF0 /* TimesUserSelected.swift in Sources */,
				D060AD2D2A79FAD10069DD45 /* ContentView.swift in Sources */,
				D057E9442A9D573A00901153 /* beginnerPlan.swift in Sources */,
				D060ADC12A858F010069DD45 /* DistanceSelected.swift in Sources */,
				D060ADD62A89EFAD0069DD45 /* RectangleVersion3.swift in Sources */,
				D060ADC52A85FE340069DD45 /* SummarySquare.swift in Sources */,
				D06CB4CD2A9E98DD00AB04C9 /* ActivityTracker.swift in Sources */,
				D060AD2B2A79FAD10069DD45 /* running_for_itApp.swift in Sources */,
				D0F64D732A9DAE2D003B3BF0 /* CreateAccount.swift in Sources */,
				D057E9422A9D448100901153 /* Onboarding.swift in Sources */,
				D060ADD42A89B6FB0069DD45 /* FinishedWorkout.swift in Sources */,
				D057E9462A9D5D3800901153 /* LevelSelect.swift in Sources */,
				D057E9482A9D5F2200901153 /* beginnerOption.swift in Sources */,
				D057E9402A9D2F9200901153 /* gradient.swift in Sources */,
				D060ADBB2A809C250069DD45 /* RectangleView.swift in Sources */,
				D09DAFA12AA00CC0008FFBDC /* expertPlan.swift in Sources */,
				D060ADBF2A844B8F0069DD45 /* IntervalsSelected.swift in Sources */,
				D060AD552A7A00D90069DD45 /* Choose_Type.swift in Sources */,
				D0F64D712A9DA950003B3BF0 /* targetRun.swift in Sources */,
				D060ADCE2A8987A00069DD45 /* Font.swift in Sources */,
				D0F64D752A9DB211003B3BF0 /* Login.swift in Sources */,
				D06CB4D12A9EB31200AB04C9 /* UserCredentials.swift in Sources */,
				D060ADC72A85FF2C0069DD45 /* RoundedButton.swift in Sources */,
				D03F54FF2A9FF1DD0051F182 /* singleWorkout.swift in Sources */,
				D09DAF9F2AA00CA0008FFBDC /* intermediatePlan.swift in Sources */,
				D0F64D692A9D77C7003B3BF0 /* ProfilePage.swift in Sources */,
				D060AD572A7B74350069DD45 /* SelectIntervalTime.swift in Sources */,
				D060ADBD2A809E0A0069DD45 /* TimeSelected.swift in Sources */,
				D060ADC32A85FD8A0069DD45 /* WorkoutSummary.swift in Sources */,
				D0F64D772A9DB3C7003B3BF0 /* Welcome.swift in Sources */,
				D06CB4D32A9FEBE300AB04C9 /* lilRectangle2.swift in Sources */,
				D0F64D6D2A9D7D9C003B3BF0 /* UserInformation.swift in Sources */,
				D06CB4D72A9FEEA400AB04C9 /* navBar.swift in Sources */,
				D060ADD02A89987A0069DD45 /* RectangleViewVersion2.swift in Sources */,
				D09DAFA32AA6D025008FFBDC /* database.swift in Sources */,
				D060AD592A7CC8A70069DD45 /* Countdown.swift in Sources */,
			);
			runOnlyForDeploymentPostprocessing = 0;
		};
		D060AD332A79FAD30069DD45 /* Sources */ = {
			isa = PBXSourcesBuildPhase;
			buildActionMask = 2147483647;
			files = (
				D060AD3C2A79FAD30069DD45 /* running_for_itTests.swift in Sources */,
			);
			runOnlyForDeploymentPostprocessing = 0;
		};
		D060AD3D2A79FAD30069DD45 /* Sources */ = {
			isa = PBXSourcesBuildPhase;
			buildActionMask = 2147483647;
			files = (
				D060AD462A79FAD30069DD45 /* running_for_itUITests.swift in Sources */,
				D060AD482A79FAD30069DD45 /* running_for_itUITestsLaunchTests.swift in Sources */,
			);
			runOnlyForDeploymentPostprocessing = 0;
		};
		D060AD5A2A7CD7DF0069DD45 /* Sources */ = {
			isa = PBXSourcesBuildPhase;
			buildActionMask = 2147483647;
			files = (
			);
			runOnlyForDeploymentPostprocessing = 0;
		};
		D060AD692A7CD7E10069DD45 /* Sources */ = {
			isa = PBXSourcesBuildPhase;
			buildActionMask = 2147483647;
			files = (
			);
			runOnlyForDeploymentPostprocessing = 0;
		};
		D060AD732A7CD7E10069DD45 /* Sources */ = {
			isa = PBXSourcesBuildPhase;
			buildActionMask = 2147483647;
			files = (
			);
			runOnlyForDeploymentPostprocessing = 0;
		};
		D060AD912A7CD7E20069DD45 /* Sources */ = {
			isa = PBXSourcesBuildPhase;
			buildActionMask = 2147483647;
			files = (
			);
			runOnlyForDeploymentPostprocessing = 0;
		};
		D060AD9B2A7CD7E20069DD45 /* Sources */ = {
			isa = PBXSourcesBuildPhase;
			buildActionMask = 2147483647;
			files = (
			);
			runOnlyForDeploymentPostprocessing = 0;
		};
		D060ADD72A9A98920069DD45 /* Sources */ = {
			isa = PBXSourcesBuildPhase;
			buildActionMask = 2147483647;
			files = (
				D060ADE02A9A98920069DD45 /* ContentView.swift in Sources */,
				D060ADDE2A9A98920069DD45 /* running_for_it_watchApp.swift in Sources */,
			);
			runOnlyForDeploymentPostprocessing = 0;
		};
		D060ADE62A9A98940069DD45 /* Sources */ = {
			isa = PBXSourcesBuildPhase;
			buildActionMask = 2147483647;
			files = (
				D060ADEF2A9A98940069DD45 /* running_for_it_watch_Watch_AppTests.swift in Sources */,
			);
			runOnlyForDeploymentPostprocessing = 0;
		};
		D060ADF02A9A98940069DD45 /* Sources */ = {
			isa = PBXSourcesBuildPhase;
			buildActionMask = 2147483647;
			files = (
				D060ADF92A9A98950069DD45 /* running_for_it_watch_Watch_AppUITests.swift in Sources */,
				D060ADFB2A9A98950069DD45 /* running_for_it_watch_Watch_AppUITestsLaunchTests.swift in Sources */,
			);
			runOnlyForDeploymentPostprocessing = 0;
		};
/* End PBXSourcesBuildPhase section */

/* Begin PBXTargetDependency section */
		D060AD392A79FAD30069DD45 /* PBXTargetDependency */ = {
			isa = PBXTargetDependency;
			target = D060AD262A79FAD10069DD45 /* running for it */;
			targetProxy = D060AD382A79FAD30069DD45 /* PBXContainerItemProxy */;
		};
		D060AD432A79FAD30069DD45 /* PBXTargetDependency */ = {
			isa = PBXTargetDependency;
			target = D060AD262A79FAD10069DD45 /* running for it */;
			targetProxy = D060AD422A79FAD30069DD45 /* PBXContainerItemProxy */;
		};
		D060AD6F2A7CD7E10069DD45 /* PBXTargetDependency */ = {
			isa = PBXTargetDependency;
			target = D060AD5D2A7CD7DF0069DD45 /* runner */;
			targetProxy = D060AD6E2A7CD7E10069DD45 /* PBXContainerItemProxy */;
		};
		D060AD792A7CD7E10069DD45 /* PBXTargetDependency */ = {
			isa = PBXTargetDependency;
			target = D060AD5D2A7CD7DF0069DD45 /* runner */;
			targetProxy = D060AD782A7CD7E10069DD45 /* PBXContainerItemProxy */;
		};
		D060ADEC2A9A98940069DD45 /* PBXTargetDependency */ = {
			isa = PBXTargetDependency;
			target = D060ADDA2A9A98920069DD45 /* running for it watch Watch App */;
			targetProxy = D060ADEB2A9A98940069DD45 /* PBXContainerItemProxy */;
		};
		D060ADF62A9A98950069DD45 /* PBXTargetDependency */ = {
			isa = PBXTargetDependency;
			target = D060ADDA2A9A98920069DD45 /* running for it watch Watch App */;
			targetProxy = D060ADF52A9A98950069DD45 /* PBXContainerItemProxy */;
		};
/* End PBXTargetDependency section */

/* Begin XCBuildConfiguration section */
		D060AD492A79FAD30069DD45 /* Debug */ = {
			isa = XCBuildConfiguration;
			buildSettings = {
				ALWAYS_SEARCH_USER_PATHS = NO;
				CLANG_ANALYZER_NONNULL = YES;
				CLANG_ANALYZER_NUMBER_OBJECT_CONVERSION = YES_AGGRESSIVE;
				CLANG_CXX_LANGUAGE_STANDARD = "gnu++20";
				CLANG_ENABLE_MODULES = YES;
				CLANG_ENABLE_OBJC_ARC = YES;
				CLANG_ENABLE_OBJC_WEAK = YES;
				CLANG_WARN_BLOCK_CAPTURE_AUTORELEASING = YES;
				CLANG_WARN_BOOL_CONVERSION = YES;
				CLANG_WARN_COMMA = YES;
				CLANG_WARN_CONSTANT_CONVERSION = YES;
				CLANG_WARN_DEPRECATED_OBJC_IMPLEMENTATIONS = YES;
				CLANG_WARN_DIRECT_OBJC_ISA_USAGE = YES_ERROR;
				CLANG_WARN_DOCUMENTATION_COMMENTS = YES;
				CLANG_WARN_EMPTY_BODY = YES;
				CLANG_WARN_ENUM_CONVERSION = YES;
				CLANG_WARN_INFINITE_RECURSION = YES;
				CLANG_WARN_INT_CONVERSION = YES;
				CLANG_WARN_NON_LITERAL_NULL_CONVERSION = YES;
				CLANG_WARN_OBJC_IMPLICIT_RETAIN_SELF = YES;
				CLANG_WARN_OBJC_LITERAL_CONVERSION = YES;
				CLANG_WARN_OBJC_ROOT_CLASS = YES_ERROR;
				CLANG_WARN_QUOTED_INCLUDE_IN_FRAMEWORK_HEADER = YES;
				CLANG_WARN_RANGE_LOOP_ANALYSIS = YES;
				CLANG_WARN_STRICT_PROTOTYPES = YES;
				CLANG_WARN_SUSPICIOUS_MOVE = YES;
				CLANG_WARN_UNGUARDED_AVAILABILITY = YES_AGGRESSIVE;
				CLANG_WARN_UNREACHABLE_CODE = YES;
				CLANG_WARN__DUPLICATE_METHOD_MATCH = YES;
				COPY_PHASE_STRIP = NO;
				DEBUG_INFORMATION_FORMAT = dwarf;
				ENABLE_STRICT_OBJC_MSGSEND = YES;
				ENABLE_TESTABILITY = YES;
				GCC_C_LANGUAGE_STANDARD = gnu11;
				GCC_DYNAMIC_NO_PIC = NO;
				GCC_NO_COMMON_BLOCKS = YES;
				GCC_OPTIMIZATION_LEVEL = 0;
				GCC_PREPROCESSOR_DEFINITIONS = (
					"DEBUG=1",
					"$(inherited)",
				);
				GCC_WARN_64_TO_32_BIT_CONVERSION = YES;
				GCC_WARN_ABOUT_RETURN_TYPE = YES_ERROR;
				GCC_WARN_UNDECLARED_SELECTOR = YES;
				GCC_WARN_UNINITIALIZED_AUTOS = YES_AGGRESSIVE;
				GCC_WARN_UNUSED_FUNCTION = YES;
				GCC_WARN_UNUSED_VARIABLE = YES;
				IPHONEOS_DEPLOYMENT_TARGET = 16.4;
				MTL_ENABLE_DEBUG_INFO = INCLUDE_SOURCE;
				MTL_FAST_MATH = YES;
				ONLY_ACTIVE_ARCH = YES;
				SDKROOT = iphoneos;
				SWIFT_ACTIVE_COMPILATION_CONDITIONS = DEBUG;
				SWIFT_OPTIMIZATION_LEVEL = "-Onone";
			};
			name = Debug;
		};
		D060AD4A2A79FAD30069DD45 /* Release */ = {
			isa = XCBuildConfiguration;
			buildSettings = {
				ALWAYS_SEARCH_USER_PATHS = NO;
				CLANG_ANALYZER_NONNULL = YES;
				CLANG_ANALYZER_NUMBER_OBJECT_CONVERSION = YES_AGGRESSIVE;
				CLANG_CXX_LANGUAGE_STANDARD = "gnu++20";
				CLANG_ENABLE_MODULES = YES;
				CLANG_ENABLE_OBJC_ARC = YES;
				CLANG_ENABLE_OBJC_WEAK = YES;
				CLANG_WARN_BLOCK_CAPTURE_AUTORELEASING = YES;
				CLANG_WARN_BOOL_CONVERSION = YES;
				CLANG_WARN_COMMA = YES;
				CLANG_WARN_CONSTANT_CONVERSION = YES;
				CLANG_WARN_DEPRECATED_OBJC_IMPLEMENTATIONS = YES;
				CLANG_WARN_DIRECT_OBJC_ISA_USAGE = YES_ERROR;
				CLANG_WARN_DOCUMENTATION_COMMENTS = YES;
				CLANG_WARN_EMPTY_BODY = YES;
				CLANG_WARN_ENUM_CONVERSION = YES;
				CLANG_WARN_INFINITE_RECURSION = YES;
				CLANG_WARN_INT_CONVERSION = YES;
				CLANG_WARN_NON_LITERAL_NULL_CONVERSION = YES;
				CLANG_WARN_OBJC_IMPLICIT_RETAIN_SELF = YES;
				CLANG_WARN_OBJC_LITERAL_CONVERSION = YES;
				CLANG_WARN_OBJC_ROOT_CLASS = YES_ERROR;
				CLANG_WARN_QUOTED_INCLUDE_IN_FRAMEWORK_HEADER = YES;
				CLANG_WARN_RANGE_LOOP_ANALYSIS = YES;
				CLANG_WARN_STRICT_PROTOTYPES = YES;
				CLANG_WARN_SUSPICIOUS_MOVE = YES;
				CLANG_WARN_UNGUARDED_AVAILABILITY = YES_AGGRESSIVE;
				CLANG_WARN_UNREACHABLE_CODE = YES;
				CLANG_WARN__DUPLICATE_METHOD_MATCH = YES;
				COPY_PHASE_STRIP = NO;
				DEBUG_INFORMATION_FORMAT = "dwarf-with-dsym";
				ENABLE_NS_ASSERTIONS = NO;
				ENABLE_STRICT_OBJC_MSGSEND = YES;
				GCC_C_LANGUAGE_STANDARD = gnu11;
				GCC_NO_COMMON_BLOCKS = YES;
				GCC_WARN_64_TO_32_BIT_CONVERSION = YES;
				GCC_WARN_ABOUT_RETURN_TYPE = YES_ERROR;
				GCC_WARN_UNDECLARED_SELECTOR = YES;
				GCC_WARN_UNINITIALIZED_AUTOS = YES_AGGRESSIVE;
				GCC_WARN_UNUSED_FUNCTION = YES;
				GCC_WARN_UNUSED_VARIABLE = YES;
				IPHONEOS_DEPLOYMENT_TARGET = 16.4;
				MTL_ENABLE_DEBUG_INFO = NO;
				MTL_FAST_MATH = YES;
				SDKROOT = iphoneos;
				SWIFT_COMPILATION_MODE = wholemodule;
				SWIFT_OPTIMIZATION_LEVEL = "-O";
				VALIDATE_PRODUCT = YES;
			};
			name = Release;
		};
		D060AD4C2A79FAD30069DD45 /* Debug */ = {
			isa = XCBuildConfiguration;
			buildSettings = {
				ALWAYS_EMBED_SWIFT_STANDARD_LIBRARIES = YES;
				ASSETCATALOG_COMPILER_APPICON_NAME = AppIcon;
				ASSETCATALOG_COMPILER_GLOBAL_ACCENT_COLOR_NAME = AccentColor;
				CODE_SIGN_STYLE = Automatic;
				CURRENT_PROJECT_VERSION = 1;
				DEVELOPMENT_ASSET_PATHS = "\"running for it/Preview Content\"";
				ENABLE_PREVIEWS = YES;
				GENERATE_INFOPLIST_FILE = YES;
				INFOPLIST_KEY_UIApplicationSceneManifest_Generation = YES;
				INFOPLIST_KEY_UIApplicationSupportsIndirectInputEvents = YES;
				INFOPLIST_KEY_UILaunchScreen_Generation = YES;
				INFOPLIST_KEY_UISupportedInterfaceOrientations_iPad = "UIInterfaceOrientationPortrait UIInterfaceOrientationPortraitUpsideDown UIInterfaceOrientationLandscapeLeft UIInterfaceOrientationLandscapeRight";
				INFOPLIST_KEY_UISupportedInterfaceOrientations_iPhone = "UIInterfaceOrientationPortrait UIInterfaceOrientationLandscapeLeft UIInterfaceOrientationLandscapeRight";
				LD_RUNPATH_SEARCH_PATHS = (
					"$(inherited)",
					"@executable_path/Frameworks",
				);
				MARKETING_VERSION = 1.0;
				PRODUCT_BUNDLE_IDENTIFIER = "sarahtoll.running-for-it";
				PRODUCT_NAME = "$(TARGET_NAME)";
				SWIFT_EMIT_LOC_STRINGS = YES;
				SWIFT_VERSION = 5.0;
				TARGETED_DEVICE_FAMILY = "1,2";
			};
			name = Debug;
		};
		D060AD4D2A79FAD30069DD45 /* Release */ = {
			isa = XCBuildConfiguration;
			buildSettings = {
				ALWAYS_EMBED_SWIFT_STANDARD_LIBRARIES = YES;
				ASSETCATALOG_COMPILER_APPICON_NAME = AppIcon;
				ASSETCATALOG_COMPILER_GLOBAL_ACCENT_COLOR_NAME = AccentColor;
				CODE_SIGN_STYLE = Automatic;
				CURRENT_PROJECT_VERSION = 1;
				DEVELOPMENT_ASSET_PATHS = "\"running for it/Preview Content\"";
				ENABLE_PREVIEWS = YES;
				GENERATE_INFOPLIST_FILE = YES;
				INFOPLIST_KEY_UIApplicationSceneManifest_Generation = YES;
				INFOPLIST_KEY_UIApplicationSupportsIndirectInputEvents = YES;
				INFOPLIST_KEY_UILaunchScreen_Generation = YES;
				INFOPLIST_KEY_UISupportedInterfaceOrientations_iPad = "UIInterfaceOrientationPortrait UIInterfaceOrientationPortraitUpsideDown UIInterfaceOrientationLandscapeLeft UIInterfaceOrientationLandscapeRight";
				INFOPLIST_KEY_UISupportedInterfaceOrientations_iPhone = "UIInterfaceOrientationPortrait UIInterfaceOrientationLandscapeLeft UIInterfaceOrientationLandscapeRight";
				LD_RUNPATH_SEARCH_PATHS = (
					"$(inherited)",
					"@executable_path/Frameworks",
				);
				MARKETING_VERSION = 1.0;
				PRODUCT_BUNDLE_IDENTIFIER = "sarahtoll.running-for-it";
				PRODUCT_NAME = "$(TARGET_NAME)";
				SWIFT_EMIT_LOC_STRINGS = YES;
				SWIFT_VERSION = 5.0;
				TARGETED_DEVICE_FAMILY = "1,2";
			};
			name = Release;
		};
		D060AD4F2A79FAD30069DD45 /* Debug */ = {
			isa = XCBuildConfiguration;
			buildSettings = {
				ALWAYS_EMBED_SWIFT_STANDARD_LIBRARIES = YES;
				BUNDLE_LOADER = "$(TEST_HOST)";
				CODE_SIGN_STYLE = Automatic;
				CURRENT_PROJECT_VERSION = 1;
				GENERATE_INFOPLIST_FILE = YES;
				IPHONEOS_DEPLOYMENT_TARGET = 16.4;
				MARKETING_VERSION = 1.0;
				PRODUCT_BUNDLE_IDENTIFIER = "sarahtoll.running-for-itTests";
				PRODUCT_NAME = "$(TARGET_NAME)";
				SWIFT_EMIT_LOC_STRINGS = NO;
				SWIFT_VERSION = 5.0;
				TARGETED_DEVICE_FAMILY = "1,2";
				TEST_HOST = "$(BUILT_PRODUCTS_DIR)/running for it.app/$(BUNDLE_EXECUTABLE_FOLDER_PATH)/running for it";
			};
			name = Debug;
		};
		D060AD502A79FAD30069DD45 /* Release */ = {
			isa = XCBuildConfiguration;
			buildSettings = {
				ALWAYS_EMBED_SWIFT_STANDARD_LIBRARIES = YES;
				BUNDLE_LOADER = "$(TEST_HOST)";
				CODE_SIGN_STYLE = Automatic;
				CURRENT_PROJECT_VERSION = 1;
				GENERATE_INFOPLIST_FILE = YES;
				IPHONEOS_DEPLOYMENT_TARGET = 16.4;
				MARKETING_VERSION = 1.0;
				PRODUCT_BUNDLE_IDENTIFIER = "sarahtoll.running-for-itTests";
				PRODUCT_NAME = "$(TARGET_NAME)";
				SWIFT_EMIT_LOC_STRINGS = NO;
				SWIFT_VERSION = 5.0;
				TARGETED_DEVICE_FAMILY = "1,2";
				TEST_HOST = "$(BUILT_PRODUCTS_DIR)/running for it.app/$(BUNDLE_EXECUTABLE_FOLDER_PATH)/running for it";
			};
			name = Release;
		};
		D060AD522A79FAD30069DD45 /* Debug */ = {
			isa = XCBuildConfiguration;
			buildSettings = {
				ALWAYS_EMBED_SWIFT_STANDARD_LIBRARIES = YES;
				CODE_SIGN_STYLE = Automatic;
				CURRENT_PROJECT_VERSION = 1;
				GENERATE_INFOPLIST_FILE = YES;
				MARKETING_VERSION = 1.0;
				PRODUCT_BUNDLE_IDENTIFIER = "sarahtoll.running-for-itUITests";
				PRODUCT_NAME = "$(TARGET_NAME)";
				SWIFT_EMIT_LOC_STRINGS = NO;
				SWIFT_VERSION = 5.0;
				TARGETED_DEVICE_FAMILY = "1,2";
				TEST_TARGET_NAME = "running for it";
			};
			name = Debug;
		};
		D060AD532A79FAD30069DD45 /* Release */ = {
			isa = XCBuildConfiguration;
			buildSettings = {
				ALWAYS_EMBED_SWIFT_STANDARD_LIBRARIES = YES;
				CODE_SIGN_STYLE = Automatic;
				CURRENT_PROJECT_VERSION = 1;
				GENERATE_INFOPLIST_FILE = YES;
				MARKETING_VERSION = 1.0;
				PRODUCT_BUNDLE_IDENTIFIER = "sarahtoll.running-for-itUITests";
				PRODUCT_NAME = "$(TARGET_NAME)";
				SWIFT_EMIT_LOC_STRINGS = NO;
				SWIFT_VERSION = 5.0;
				TARGETED_DEVICE_FAMILY = "1,2";
				TEST_TARGET_NAME = "running for it";
			};
			name = Release;
		};
		D060ADAC2A7CD7E20069DD45 /* Debug */ = {
			isa = XCBuildConfiguration;
			buildSettings = {
				ASSETCATALOG_COMPILER_APPICON_NAME = AppIcon;
				CODE_SIGN_STYLE = Automatic;
				CURRENT_PROJECT_VERSION = 1;
				DEVELOPMENT_ASSET_PATHS = "\"runner/Preview Content\"";
				ENABLE_PREVIEWS = YES;
				GENERATE_INFOPLIST_FILE = YES;
				INFOPLIST_KEY_CFBundleDisplayName = runner;
				INFOPLIST_KEY_UIApplicationSceneManifest_Generation = YES;
				INFOPLIST_KEY_UIApplicationSupportsIndirectInputEvents = YES;
				INFOPLIST_KEY_UILaunchScreen_Generation = YES;
				INFOPLIST_KEY_UISupportedInterfaceOrientations_iPad = "UIInterfaceOrientationPortrait UIInterfaceOrientationPortraitUpsideDown UIInterfaceOrientationLandscapeLeft UIInterfaceOrientationLandscapeRight";
				INFOPLIST_KEY_UISupportedInterfaceOrientations_iPhone = "UIInterfaceOrientationPortrait UIInterfaceOrientationLandscapeLeft UIInterfaceOrientationLandscapeRight";
				LD_RUNPATH_SEARCH_PATHS = (
					"$(inherited)",
					"@executable_path/Frameworks",
				);
				MARKETING_VERSION = 1.0;
				PRODUCT_BUNDLE_IDENTIFIER = sarahtoll.runner;
				PRODUCT_NAME = "$(TARGET_NAME)";
				SWIFT_EMIT_LOC_STRINGS = YES;
				SWIFT_VERSION = 5.0;
				TARGETED_DEVICE_FAMILY = "1,2";
			};
			name = Debug;
		};
		D060ADAD2A7CD7E20069DD45 /* Release */ = {
			isa = XCBuildConfiguration;
			buildSettings = {
				ASSETCATALOG_COMPILER_APPICON_NAME = AppIcon;
				CODE_SIGN_STYLE = Automatic;
				CURRENT_PROJECT_VERSION = 1;
				DEVELOPMENT_ASSET_PATHS = "\"runner/Preview Content\"";
				ENABLE_PREVIEWS = YES;
				GENERATE_INFOPLIST_FILE = YES;
				INFOPLIST_KEY_CFBundleDisplayName = runner;
				INFOPLIST_KEY_UIApplicationSceneManifest_Generation = YES;
				INFOPLIST_KEY_UIApplicationSupportsIndirectInputEvents = YES;
				INFOPLIST_KEY_UILaunchScreen_Generation = YES;
				INFOPLIST_KEY_UISupportedInterfaceOrientations_iPad = "UIInterfaceOrientationPortrait UIInterfaceOrientationPortraitUpsideDown UIInterfaceOrientationLandscapeLeft UIInterfaceOrientationLandscapeRight";
				INFOPLIST_KEY_UISupportedInterfaceOrientations_iPhone = "UIInterfaceOrientationPortrait UIInterfaceOrientationLandscapeLeft UIInterfaceOrientationLandscapeRight";
				LD_RUNPATH_SEARCH_PATHS = (
					"$(inherited)",
					"@executable_path/Frameworks",
				);
				MARKETING_VERSION = 1.0;
				PRODUCT_BUNDLE_IDENTIFIER = sarahtoll.runner;
				PRODUCT_NAME = "$(TARGET_NAME)";
				SWIFT_EMIT_LOC_STRINGS = YES;
				SWIFT_VERSION = 5.0;
				TARGETED_DEVICE_FAMILY = "1,2";
			};
			name = Release;
		};
		D060ADAF2A7CD7E20069DD45 /* Debug */ = {
			isa = XCBuildConfiguration;
			buildSettings = {
				BUNDLE_LOADER = "$(TEST_HOST)";
				CODE_SIGN_STYLE = Automatic;
				CURRENT_PROJECT_VERSION = 1;
				GENERATE_INFOPLIST_FILE = YES;
				IPHONEOS_DEPLOYMENT_TARGET = 16.4;
				MARKETING_VERSION = 1.0;
				PRODUCT_BUNDLE_IDENTIFIER = sarahtoll.runnerTests;
				PRODUCT_NAME = "$(TARGET_NAME)";
				SWIFT_EMIT_LOC_STRINGS = NO;
				SWIFT_VERSION = 5.0;
				TARGETED_DEVICE_FAMILY = "1,2";
				TEST_HOST = "$(BUILT_PRODUCTS_DIR)/runner.app/$(BUNDLE_EXECUTABLE_FOLDER_PATH)/runner";
			};
			name = Debug;
		};
		D060ADB02A7CD7E20069DD45 /* Release */ = {
			isa = XCBuildConfiguration;
			buildSettings = {
				BUNDLE_LOADER = "$(TEST_HOST)";
				CODE_SIGN_STYLE = Automatic;
				CURRENT_PROJECT_VERSION = 1;
				GENERATE_INFOPLIST_FILE = YES;
				IPHONEOS_DEPLOYMENT_TARGET = 16.4;
				MARKETING_VERSION = 1.0;
				PRODUCT_BUNDLE_IDENTIFIER = sarahtoll.runnerTests;
				PRODUCT_NAME = "$(TARGET_NAME)";
				SWIFT_EMIT_LOC_STRINGS = NO;
				SWIFT_VERSION = 5.0;
				TARGETED_DEVICE_FAMILY = "1,2";
				TEST_HOST = "$(BUILT_PRODUCTS_DIR)/runner.app/$(BUNDLE_EXECUTABLE_FOLDER_PATH)/runner";
			};
			name = Release;
		};
		D060ADB22A7CD7E20069DD45 /* Debug */ = {
			isa = XCBuildConfiguration;
			buildSettings = {
				CODE_SIGN_STYLE = Automatic;
				CURRENT_PROJECT_VERSION = 1;
				GENERATE_INFOPLIST_FILE = YES;
				MARKETING_VERSION = 1.0;
				PRODUCT_BUNDLE_IDENTIFIER = sarahtoll.runnerUITests;
				PRODUCT_NAME = "$(TARGET_NAME)";
				SWIFT_EMIT_LOC_STRINGS = NO;
				SWIFT_VERSION = 5.0;
				TARGETED_DEVICE_FAMILY = "1,2";
				TEST_TARGET_NAME = runner;
			};
			name = Debug;
		};
		D060ADB32A7CD7E20069DD45 /* Release */ = {
			isa = XCBuildConfiguration;
			buildSettings = {
				CODE_SIGN_STYLE = Automatic;
				CURRENT_PROJECT_VERSION = 1;
				GENERATE_INFOPLIST_FILE = YES;
				MARKETING_VERSION = 1.0;
				PRODUCT_BUNDLE_IDENTIFIER = sarahtoll.runnerUITests;
				PRODUCT_NAME = "$(TARGET_NAME)";
				SWIFT_EMIT_LOC_STRINGS = NO;
				SWIFT_VERSION = 5.0;
				TARGETED_DEVICE_FAMILY = "1,2";
				TEST_TARGET_NAME = runner;
			};
			name = Release;
		};
		D060ADB52A7CD7E20069DD45 /* Debug */ = {
			isa = XCBuildConfiguration;
			buildSettings = {
				BUNDLE_LOADER = "$(TEST_HOST)";
				CODE_SIGN_STYLE = Automatic;
				CURRENT_PROJECT_VERSION = 1;
				GENERATE_INFOPLIST_FILE = YES;
				MARKETING_VERSION = 1.0;
				PRODUCT_BUNDLE_IDENTIFIER = "sarahtoll.runner-Watch-AppTests";
				PRODUCT_NAME = "$(TARGET_NAME)";
				SDKROOT = watchos;
				SWIFT_EMIT_LOC_STRINGS = NO;
				SWIFT_VERSION = 5.0;
				TARGETED_DEVICE_FAMILY = 4;
				TEST_HOST = "$(BUILT_PRODUCTS_DIR)/runner Watch App.app/$(BUNDLE_EXECUTABLE_FOLDER_PATH)/runner Watch App";
				WATCHOS_DEPLOYMENT_TARGET = 9.4;
			};
			name = Debug;
		};
		D060ADB62A7CD7E20069DD45 /* Release */ = {
			isa = XCBuildConfiguration;
			buildSettings = {
				BUNDLE_LOADER = "$(TEST_HOST)";
				CODE_SIGN_STYLE = Automatic;
				CURRENT_PROJECT_VERSION = 1;
				GENERATE_INFOPLIST_FILE = YES;
				MARKETING_VERSION = 1.0;
				PRODUCT_BUNDLE_IDENTIFIER = "sarahtoll.runner-Watch-AppTests";
				PRODUCT_NAME = "$(TARGET_NAME)";
				SDKROOT = watchos;
				SWIFT_EMIT_LOC_STRINGS = NO;
				SWIFT_VERSION = 5.0;
				TARGETED_DEVICE_FAMILY = 4;
				TEST_HOST = "$(BUILT_PRODUCTS_DIR)/runner Watch App.app/$(BUNDLE_EXECUTABLE_FOLDER_PATH)/runner Watch App";
				WATCHOS_DEPLOYMENT_TARGET = 9.4;
			};
			name = Release;
		};
		D060ADB82A7CD7E20069DD45 /* Debug */ = {
			isa = XCBuildConfiguration;
			buildSettings = {
				CODE_SIGN_STYLE = Automatic;
				CURRENT_PROJECT_VERSION = 1;
				GENERATE_INFOPLIST_FILE = YES;
				MARKETING_VERSION = 1.0;
				PRODUCT_BUNDLE_IDENTIFIER = "sarahtoll.runner-Watch-AppUITests";
				PRODUCT_NAME = "$(TARGET_NAME)";
				SDKROOT = watchos;
				SWIFT_EMIT_LOC_STRINGS = NO;
				SWIFT_VERSION = 5.0;
				TARGETED_DEVICE_FAMILY = 4;
				TEST_TARGET_NAME = "runner Watch App";
				WATCHOS_DEPLOYMENT_TARGET = 9.4;
			};
			name = Debug;
		};
		D060ADB92A7CD7E20069DD45 /* Release */ = {
			isa = XCBuildConfiguration;
			buildSettings = {
				CODE_SIGN_STYLE = Automatic;
				CURRENT_PROJECT_VERSION = 1;
				GENERATE_INFOPLIST_FILE = YES;
				MARKETING_VERSION = 1.0;
				PRODUCT_BUNDLE_IDENTIFIER = "sarahtoll.runner-Watch-AppUITests";
				PRODUCT_NAME = "$(TARGET_NAME)";
				SDKROOT = watchos;
				SWIFT_EMIT_LOC_STRINGS = NO;
				SWIFT_VERSION = 5.0;
				TARGETED_DEVICE_FAMILY = 4;
				TEST_TARGET_NAME = "runner Watch App";
				WATCHOS_DEPLOYMENT_TARGET = 9.4;
			};
			name = Release;
		};
		D060AE002A9A98950069DD45 /* Debug */ = {
			isa = XCBuildConfiguration;
			buildSettings = {
				ASSETCATALOG_COMPILER_APPICON_NAME = AppIcon;
				ASSETCATALOG_COMPILER_GLOBAL_ACCENT_COLOR_NAME = AccentColor;
				CODE_SIGN_STYLE = Automatic;
				CURRENT_PROJECT_VERSION = 1;
				DEVELOPMENT_ASSET_PATHS = "\"running for it watch Watch App/Preview Content\"";
				ENABLE_PREVIEWS = YES;
				GENERATE_INFOPLIST_FILE = YES;
				INFOPLIST_KEY_CFBundleDisplayName = "running for it watch";
				INFOPLIST_KEY_UISupportedInterfaceOrientations = "UIInterfaceOrientationPortrait UIInterfaceOrientationPortraitUpsideDown";
				INFOPLIST_KEY_WKCompanionAppBundleIdentifier = "sarahtoll.running-for-it";
				LD_RUNPATH_SEARCH_PATHS = (
					"$(inherited)",
					"@executable_path/Frameworks",
				);
				MARKETING_VERSION = 1.0;
				PRODUCT_BUNDLE_IDENTIFIER = "sarahtoll.running-for-it.watchkitapp";
				PRODUCT_NAME = "$(TARGET_NAME)";
				SDKROOT = watchos;
				SKIP_INSTALL = YES;
				SWIFT_EMIT_LOC_STRINGS = YES;
				SWIFT_VERSION = 5.0;
				TARGETED_DEVICE_FAMILY = 4;
				WATCHOS_DEPLOYMENT_TARGET = 9.4;
			};
			name = Debug;
		};
		D060AE012A9A98950069DD45 /* Release */ = {
			isa = XCBuildConfiguration;
			buildSettings = {
				ASSETCATALOG_COMPILER_APPICON_NAME = AppIcon;
				ASSETCATALOG_COMPILER_GLOBAL_ACCENT_COLOR_NAME = AccentColor;
				CODE_SIGN_STYLE = Automatic;
				CURRENT_PROJECT_VERSION = 1;
				DEVELOPMENT_ASSET_PATHS = "\"running for it watch Watch App/Preview Content\"";
				ENABLE_PREVIEWS = YES;
				GENERATE_INFOPLIST_FILE = YES;
				INFOPLIST_KEY_CFBundleDisplayName = "running for it watch";
				INFOPLIST_KEY_UISupportedInterfaceOrientations = "UIInterfaceOrientationPortrait UIInterfaceOrientationPortraitUpsideDown";
				INFOPLIST_KEY_WKCompanionAppBundleIdentifier = "sarahtoll.running-for-it";
				LD_RUNPATH_SEARCH_PATHS = (
					"$(inherited)",
					"@executable_path/Frameworks",
				);
				MARKETING_VERSION = 1.0;
				PRODUCT_BUNDLE_IDENTIFIER = "sarahtoll.running-for-it.watchkitapp";
				PRODUCT_NAME = "$(TARGET_NAME)";
				SDKROOT = watchos;
				SKIP_INSTALL = YES;
				SWIFT_EMIT_LOC_STRINGS = YES;
				SWIFT_VERSION = 5.0;
				TARGETED_DEVICE_FAMILY = 4;
				WATCHOS_DEPLOYMENT_TARGET = 9.4;
			};
			name = Release;
		};
		D060AE042A9A98950069DD45 /* Debug */ = {
			isa = XCBuildConfiguration;
			buildSettings = {
				ALWAYS_EMBED_SWIFT_STANDARD_LIBRARIES = YES;
				BUNDLE_LOADER = "$(TEST_HOST)";
				CODE_SIGN_STYLE = Automatic;
				CURRENT_PROJECT_VERSION = 1;
				DEVELOPMENT_TEAM = WWS92Y8FPN;
				GENERATE_INFOPLIST_FILE = YES;
				MARKETING_VERSION = 1.0;
				PRODUCT_BUNDLE_IDENTIFIER = "sarahtoll.running-for-it-watch-Watch-AppTests";
				PRODUCT_NAME = "$(TARGET_NAME)";
				SDKROOT = watchos;
				SWIFT_EMIT_LOC_STRINGS = NO;
				SWIFT_VERSION = 5.0;
				TARGETED_DEVICE_FAMILY = 4;
				TEST_HOST = "$(BUILT_PRODUCTS_DIR)/running for it watch Watch App.app/$(BUNDLE_EXECUTABLE_FOLDER_PATH)/running for it watch Watch App";
				WATCHOS_DEPLOYMENT_TARGET = 9.4;
			};
			name = Debug;
		};
		D060AE052A9A98950069DD45 /* Release */ = {
			isa = XCBuildConfiguration;
			buildSettings = {
				ALWAYS_EMBED_SWIFT_STANDARD_LIBRARIES = YES;
				BUNDLE_LOADER = "$(TEST_HOST)";
				CODE_SIGN_STYLE = Automatic;
				CURRENT_PROJECT_VERSION = 1;
				DEVELOPMENT_TEAM = WWS92Y8FPN;
				GENERATE_INFOPLIST_FILE = YES;
				MARKETING_VERSION = 1.0;
				PRODUCT_BUNDLE_IDENTIFIER = "sarahtoll.running-for-it-watch-Watch-AppTests";
				PRODUCT_NAME = "$(TARGET_NAME)";
				SDKROOT = watchos;
				SWIFT_EMIT_LOC_STRINGS = NO;
				SWIFT_VERSION = 5.0;
				TARGETED_DEVICE_FAMILY = 4;
				TEST_HOST = "$(BUILT_PRODUCTS_DIR)/running for it watch Watch App.app/$(BUNDLE_EXECUTABLE_FOLDER_PATH)/running for it watch Watch App";
				WATCHOS_DEPLOYMENT_TARGET = 9.4;
			};
			name = Release;
		};
		D060AE072A9A98950069DD45 /* Debug */ = {
			isa = XCBuildConfiguration;
			buildSettings = {
				ALWAYS_EMBED_SWIFT_STANDARD_LIBRARIES = YES;
				CODE_SIGN_STYLE = Automatic;
				CURRENT_PROJECT_VERSION = 1;
				DEVELOPMENT_TEAM = WWS92Y8FPN;
				GENERATE_INFOPLIST_FILE = YES;
				MARKETING_VERSION = 1.0;
				PRODUCT_BUNDLE_IDENTIFIER = "sarahtoll.running-for-it-watch-Watch-AppUITests";
				PRODUCT_NAME = "$(TARGET_NAME)";
				SDKROOT = watchos;
				SWIFT_EMIT_LOC_STRINGS = NO;
				SWIFT_VERSION = 5.0;
				TARGETED_DEVICE_FAMILY = 4;
				TEST_TARGET_NAME = "running for it watch Watch App";
				WATCHOS_DEPLOYMENT_TARGET = 9.4;
			};
			name = Debug;
		};
		D060AE082A9A98950069DD45 /* Release */ = {
			isa = XCBuildConfiguration;
			buildSettings = {
				ALWAYS_EMBED_SWIFT_STANDARD_LIBRARIES = YES;
				CODE_SIGN_STYLE = Automatic;
				CURRENT_PROJECT_VERSION = 1;
				DEVELOPMENT_TEAM = WWS92Y8FPN;
				GENERATE_INFOPLIST_FILE = YES;
				MARKETING_VERSION = 1.0;
				PRODUCT_BUNDLE_IDENTIFIER = "sarahtoll.running-for-it-watch-Watch-AppUITests";
				PRODUCT_NAME = "$(TARGET_NAME)";
				SDKROOT = watchos;
				SWIFT_EMIT_LOC_STRINGS = NO;
				SWIFT_VERSION = 5.0;
				TARGETED_DEVICE_FAMILY = 4;
				TEST_TARGET_NAME = "running for it watch Watch App";
				WATCHOS_DEPLOYMENT_TARGET = 9.4;
			};
			name = Release;
		};
/* End XCBuildConfiguration section */

/* Begin XCConfigurationList section */
		D060AD222A79FAD10069DD45 /* Build configuration list for PBXProject "running for it" */ = {
			isa = XCConfigurationList;
			buildConfigurations = (
				D060AD492A79FAD30069DD45 /* Debug */,
				D060AD4A2A79FAD30069DD45 /* Release */,
			);
			defaultConfigurationIsVisible = 0;
			defaultConfigurationName = Release;
		};
		D060AD4B2A79FAD30069DD45 /* Build configuration list for PBXNativeTarget "running for it" */ = {
			isa = XCConfigurationList;
			buildConfigurations = (
				D060AD4C2A79FAD30069DD45 /* Debug */,
				D060AD4D2A79FAD30069DD45 /* Release */,
			);
			defaultConfigurationIsVisible = 0;
			defaultConfigurationName = Release;
		};
		D060AD4E2A79FAD30069DD45 /* Build configuration list for PBXNativeTarget "running for itTests" */ = {
			isa = XCConfigurationList;
			buildConfigurations = (
				D060AD4F2A79FAD30069DD45 /* Debug */,
				D060AD502A79FAD30069DD45 /* Release */,
			);
			defaultConfigurationIsVisible = 0;
			defaultConfigurationName = Release;
		};
		D060AD512A79FAD30069DD45 /* Build configuration list for PBXNativeTarget "running for itUITests" */ = {
			isa = XCConfigurationList;
			buildConfigurations = (
				D060AD522A79FAD30069DD45 /* Debug */,
				D060AD532A79FAD30069DD45 /* Release */,
			);
			defaultConfigurationIsVisible = 0;
			defaultConfigurationName = Release;
		};
		D060ADAB2A7CD7E20069DD45 /* Build configuration list for PBXNativeTarget "runner" */ = {
			isa = XCConfigurationList;
			buildConfigurations = (
				D060ADAC2A7CD7E20069DD45 /* Debug */,
				D060ADAD2A7CD7E20069DD45 /* Release */,
			);
			defaultConfigurationIsVisible = 0;
			defaultConfigurationName = Release;
		};
		D060ADAE2A7CD7E20069DD45 /* Build configuration list for PBXNativeTarget "runnerTests" */ = {
			isa = XCConfigurationList;
			buildConfigurations = (
				D060ADAF2A7CD7E20069DD45 /* Debug */,
				D060ADB02A7CD7E20069DD45 /* Release */,
			);
			defaultConfigurationIsVisible = 0;
			defaultConfigurationName = Release;
		};
		D060ADB12A7CD7E20069DD45 /* Build configuration list for PBXNativeTarget "runnerUITests" */ = {
			isa = XCConfigurationList;
			buildConfigurations = (
				D060ADB22A7CD7E20069DD45 /* Debug */,
				D060ADB32A7CD7E20069DD45 /* Release */,
			);
			defaultConfigurationIsVisible = 0;
			defaultConfigurationName = Release;
		};
		D060ADB42A7CD7E20069DD45 /* Build configuration list for PBXNativeTarget "runner Watch AppTests" */ = {
			isa = XCConfigurationList;
			buildConfigurations = (
				D060ADB52A7CD7E20069DD45 /* Debug */,
				D060ADB62A7CD7E20069DD45 /* Release */,
			);
			defaultConfigurationIsVisible = 0;
			defaultConfigurationName = Release;
		};
		D060ADB72A7CD7E20069DD45 /* Build configuration list for PBXNativeTarget "runner Watch AppUITests" */ = {
			isa = XCConfigurationList;
			buildConfigurations = (
				D060ADB82A7CD7E20069DD45 /* Debug */,
				D060ADB92A7CD7E20069DD45 /* Release */,
			);
			defaultConfigurationIsVisible = 0;
			defaultConfigurationName = Release;
		};
		D060ADFF2A9A98950069DD45 /* Build configuration list for PBXNativeTarget "running for it watch Watch App" */ = {
			isa = XCConfigurationList;
			buildConfigurations = (
				D060AE002A9A98950069DD45 /* Debug */,
				D060AE012A9A98950069DD45 /* Release */,
			);
			defaultConfigurationIsVisible = 0;
			defaultConfigurationName = Release;
		};
		D060AE032A9A98950069DD45 /* Build configuration list for PBXNativeTarget "running for it watch Watch AppTests" */ = {
			isa = XCConfigurationList;
			buildConfigurations = (
				D060AE042A9A98950069DD45 /* Debug */,
				D060AE052A9A98950069DD45 /* Release */,
			);
			defaultConfigurationIsVisible = 0;
			defaultConfigurationName = Release;
		};
		D060AE062A9A98950069DD45 /* Build configuration list for PBXNativeTarget "running for it watch Watch AppUITests" */ = {
			isa = XCConfigurationList;
			buildConfigurations = (
				D060AE072A9A98950069DD45 /* Debug */,
				D060AE082A9A98950069DD45 /* Release */,
			);
			defaultConfigurationIsVisible = 0;
			defaultConfigurationName = Release;
		};
/* End XCConfigurationList section */

/* Begin XCRemoteSwiftPackageReference section */
		D060ADCA2A888CA10069DD45 /* XCRemoteSwiftPackageReference "SwiftFX" */ = {
			isa = XCRemoteSwiftPackageReference;
			repositoryURL = "https://github.com/heestand-xyz/SwiftFX.git";
			requirement = {
				kind = upToNextMajorVersion;
				minimumVersion = 1.0.0;
			};
		};
		D09DAFA42AA6D193008FFBDC /* XCRemoteSwiftPackageReference "SQLite.swift" */ = {
			isa = XCRemoteSwiftPackageReference;
			repositoryURL = "https://github.com/stephencelis/SQLite.swift.git";
			requirement = {
				kind = upToNextMajorVersion;
				minimumVersion = 0.14.1;
			};
		};
/* End XCRemoteSwiftPackageReference section */

/* Begin XCSwiftPackageProductDependency section */
		D060ADCB2A888CA10069DD45 /* SwiftFX */ = {
			isa = XCSwiftPackageProductDependency;
			package = D060ADCA2A888CA10069DD45 /* XCRemoteSwiftPackageReference "SwiftFX" */;
			productName = SwiftFX;
		};
		D09DAFA52AA6D193008FFBDC /* SQLite */ = {
			isa = XCSwiftPackageProductDependency;
			package = D09DAFA42AA6D193008FFBDC /* XCRemoteSwiftPackageReference "SQLite.swift" */;
			productName = SQLite;
		};
/* End XCSwiftPackageProductDependency section */
	};
	rootObject = D060AD1F2A79FAD10069DD45 /* Project object */;
}
